
Microsoft Visual Studio Solution File, Format Version 12.00
# Visual Studio Version 17
VisualStudioVersion = 17.0.31903.59
MinimumVisualStudioVersion = 10.0.40219.1
Project("{9A19103F-16F7-4668-BE54-9A1E7A4F7556}") = "Autopelago", "src\Autopelago\Autopelago.csproj", "{B71F5847-C00D-4514-95F5-E0484A3D6DBF}"
EndProject
Project("{2150E333-8FDC-42A3-9474-1A3956D46DE8}") = "src", "src", "{9ED842B4-B7CC-4838-8DFC-9A9A92C85685}"
EndProject
Project("{2150E333-8FDC-42A3-9474-1A3956D46DE8}") = "tests", "tests", "{5A51FB37-5CB2-4F96-8573-660B36A6C445}"
EndProject
Project("{9A19103F-16F7-4668-BE54-9A1E7A4F7556}") = "Autopelago.Test", "tests\Autopelago.Test\Autopelago.Test.csproj", "{F4894200-DE03-441C-A28C-880F8C97EF15}"
EndProject
Global
	GlobalSection(SolutionConfigurationPlatforms) = preSolution
		Debug|Any CPU = Debug|Any CPU
		Release|Any CPU = Release|Any CPU
	EndGlobalSection
	GlobalSection(SolutionProperties) = preSolution
		HideSolutionNode = FALSE
	EndGlobalSection
	GlobalSection(ProjectConfigurationPlatforms) = postSolution
		{B71F5847-C00D-4514-95F5-E0484A3D6DBF}.Debug|Any CPU.ActiveCfg = Debug|Any CPU
		{B71F5847-C00D-4514-95F5-E0484A3D6DBF}.Debug|Any CPU.Build.0 = Debug|Any CPU
		{B71F5847-C00D-4514-95F5-E0484A3D6DBF}.Release|Any CPU.ActiveCfg = Release|Any CPU
		{B71F5847-C00D-4514-95F5-E0484A3D6DBF}.Release|Any CPU.Build.0 = Release|Any CPU
		{F4894200-DE03-441C-A28C-880F8C97EF15}.Debug|Any CPU.ActiveCfg = Debug|Any CPU
		{F4894200-DE03-441C-A28C-880F8C97EF15}.Debug|Any CPU.Build.0 = Debug|Any CPU
		{F4894200-DE03-441C-A28C-880F8C97EF15}.Release|Any CPU.ActiveCfg = Release|Any CPU
		{F4894200-DE03-441C-A28C-880F8C97EF15}.Release|Any CPU.Build.0 = Release|Any CPU
	EndGlobalSection
	GlobalSection(NestedProjects) = preSolution
		{B71F5847-C00D-4514-95F5-E0484A3D6DBF} = {9ED842B4-B7CC-4838-8DFC-9A9A92C85685}
		{F4894200-DE03-441C-A28C-880F8C97EF15} = {5A51FB37-5CB2-4F96-8573-660B36A6C445}
	EndGlobalSection
EndGlobal
