{
  "version": 1,
  "dependencies": {
    "net9.0": {
      "Avalonia": {
        "type": "Direct",
        "requested": "[*, )",
        "resolved": "11.2.3",
        "contentHash": "pD6woFAUfGcyEvMmrpctntU4jv4fT8752pfx1J5iRORVX3Ob0oQi8PWo0TXVaAJZiSfH0cdKTeKx0w0DzD0/mg==",
        "dependencies": {
          "Avalonia.BuildServices": "0.0.29",
          "Avalonia.Remote.Protocol": "11.2.3",
          "MicroCom.Runtime": "0.11.0"
        }
      },
      "Avalonia.Controls.ColorPicker": {
        "type": "Direct",
        "requested": "[*, )",
        "resolved": "11.2.3",
        "contentHash": "JpK84GN+CkS5H0L/mDyYa4aMAJw93dukedKK1xC4g/J5NmwQ23qFPQNqZlTs+6f9nULwJPL+jiffJpSyGMt0gg==",
        "dependencies": {
          "Avalonia": "11.2.3",
          "Avalonia.Remote.Protocol": "11.2.3"
        }
      },
      "Avalonia.Desktop": {
        "type": "Direct",
        "requested": "[*, )",
        "resolved": "11.2.3",
        "contentHash": "dX3zfgWplLqcgwQJLeC2ciqxE/GM3iw9HUNI22c8KgAAWMWl52NWCmjW228EPZG+4YbHwq8T40YARO2aQF+yqA==",
        "dependencies": {
          "Avalonia": "11.2.3",
          "Avalonia.Native": "11.2.3",
          "Avalonia.Skia": "11.2.3",
          "Avalonia.Win32": "11.2.3",
          "Avalonia.X11": "11.2.3"
        }
      },
      "Avalonia.Diagnostics": {
        "type": "Direct",
        "requested": "[*, )",
        "resolved": "11.2.3",
        "contentHash": "Qld0UvkSLfIuZD7/gS8RIO6ww3jP+xJvsMyqU8evdphPoic7h6LAeY/ppT9NtI0r1KUDT2BpFcVDqPyQH6eSiw==",
        "dependencies": {
          "Avalonia": "11.2.3",
          "Avalonia.Controls.ColorPicker": "11.2.3",
          "Avalonia.Controls.DataGrid": "11.2.3",
          "Avalonia.Themes.Simple": "11.2.3"
        }
      },
      "Avalonia.Fonts.Inter": {
        "type": "Direct",
        "requested": "[*, )",
        "resolved": "11.2.3",
        "contentHash": "ConIy0i4S5xuWwYMihJt+0VVIFS1NqXtMzG7XYFO/L786P9qXlQBnHHuLt4kdw5kvJtZEhgii9E+/W7b35wtoQ==",
        "dependencies": {
          "Avalonia": "11.2.3"
        }
      },
      "Avalonia.ReactiveUI": {
        "type": "Direct",
        "requested": "[*, )",
        "resolved": "11.2.3",
        "contentHash": "MHasX3CRPkkbFN7UZC/+mRZiPvWmiIRl5SJjQYiOA+Zgw9xj6qK9mD3zNbr0Ej3yN+IRh/qDjBlTpL4TzDF88A==",
        "dependencies": {
          "Avalonia": "11.2.3",
          "ReactiveUI": "20.1.1",
          "System.Reactive": "6.0.1"
        }
      },
      "Avalonia.Svg.Skia": {
        "type": "Direct",
        "requested": "[*, )",
        "resolved": "11.2.0.2",
        "contentHash": "qvP8xTiwz28wi/a7nsQz78GKaqOELfcddFhRX7CsJPXzjaN+TECp2ufvPonRZh1W+xbFAkHIkqcfqXiE/Ftu6g==",
        "dependencies": {
          "Avalonia": "11.2.0",
          "Avalonia.Skia": "11.2.0",
          "SkiaSharp": "2.88.8",
          "Svg.Skia": "2.0.0.4"
        }
      },
      "Avalonia.Themes.Fluent": {
        "type": "Direct",
        "requested": "[*, )",
        "resolved": "11.2.3",
        "contentHash": "gPJWBWaeocvRhSrB977xsfH0Ame14PxRMIgEfezi2bTjNJ43JWzJtALgDfDZYMpZPDdeWU/mwDigR/kD+rJtlw==",
        "dependencies": {
          "Avalonia": "11.2.3"
        }
      },
      "HarfBuzzSharp": {
        "type": "Direct",
        "requested": "[*, )",
        "resolved": "8.3.0.1",
        "contentHash": "rwLpl+W6uqu0DuvzqNhTMuFcXfy1Vc0uq0YXgPEmtTSfeUSAye1FcARrm2YIPOSiCBwBOGu3cLvMX5Fp6OKe2g==",
        "dependencies": {
          "HarfBuzzSharp.NativeAssets.Win32": "8.3.0.1",
          "HarfBuzzSharp.NativeAssets.macOS": "8.3.0.1"
        }
      },
      "HarfBuzzSharp.NativeAssets.Linux": {
        "type": "Direct",
        "requested": "[*, )",
        "resolved": "8.3.0.1",
        "contentHash": "Qn8drjWx6xRm+KZ38pGK5Np44h58BI9rGAqQmJOmXNuAwsnfgrce8oWW8KI0O8CBSuu1R5Y2yhe8N+PayuAhNA=="
      },
      "HarfBuzzSharp.NativeAssets.macOS": {
        "type": "Direct",
        "requested": "[*, )",
        "resolved": "8.3.0.1",
        "contentHash": "2o6U05LAmK+rwX7TvmJ2X0anXJG2hSE7kHVmCshhHy0tKfByJ5ykBacvhmmooHchlOwq15KBZeROGafCT8nN+g=="
      },
      "HarfBuzzSharp.NativeAssets.WebAssembly": {
        "type": "Direct",
        "requested": "[*, )",
        "resolved": "8.3.0.1",
        "contentHash": "Q8up95BjPGj3KQcxijYCHDu1qTj5rVqATUt75m9qFc4z7kqy0yYeUY529wPWO3ELBsLJAD2vKAwEbSULFmLldA=="
      },
      "HarfBuzzSharp.NativeAssets.Win32": {
        "type": "Direct",
        "requested": "[*, )",
        "resolved": "8.3.0.1",
        "contentHash": "ow0DtGEUjo65qhiI22of7qiVbN1xDFsZ5P5xJljRmGZ5WSxNy+1batLNJFGxahqhB1MTHYV8kAXf0GqC8WaevQ=="
      },
      "Libuv": {
        "type": "Direct",
        "requested": "[*, )",
        "resolved": "1.10.0",
        "contentHash": "GsCf4q+eyaI49rCPlgYxdxa1SQCysXFFdSJWdstrwxytg4+VPYLYrXD4AT2rjHVJ+UF7SSWX9CapWEYaU4ejVQ==",
        "dependencies": {
          "Microsoft.NETCore.Platforms": "1.0.1"
        }
      },
      "Material.Icons.Avalonia": {
        "type": "Direct",
        "requested": "[*, )",
        "resolved": "2.1.10",
        "contentHash": "dclTtNbnoLonYK/YI2vgYvOmLeqw08xHxL+ExOSGZEMJKt6k3F6SDmJ41tByOxgXAd+nIDh8V9FqC0FQSEp/CQ==",
        "dependencies": {
          "Avalonia": "11.0.0-rc1.1",
          "Material.Icons": "2.1.10"
        }
      },
      "Microsoft.Extensions.ObjectPool": {
        "type": "Direct",
        "requested": "[*, )",
        "resolved": "9.0.0",
        "contentHash": "UbsU/gYe4nv1DeqMXIVzDfNNek7Sk2kKuAOXL/Y+sLcAR0HwFUqzg1EPiU88jeHNe0g81aPvvHbvHarQr3r9IA=="
      },
      "ReactiveUI.SourceGenerators": {
        "type": "Direct",
        "requested": "[*, )",
        "resolved": "2.0.17",
        "contentHash": "Ky+j1NpaYE/aLeXfur7DtXeVExGkzLltSbARZKmxAawDeFzWvaxh7DElw58x+If1hHF7ap7Z5oeYhP+QwBYzIQ==",
        "dependencies": {
          "ReactiveUI.SourceGenerators.Analyzers.CodeFixes": "2.0.17"
        }
      },
      "Serilog": {
        "type": "Direct",
        "requested": "[*, )",
        "resolved": "4.2.0",
        "contentHash": "gmoWVOvKgbME8TYR+gwMf7osROiWAURterc6Rt2dQyX7wtjZYpqFiA/pY6ztjGQKKV62GGCyOcmtP1UKMHgSmA=="
      },
      "Serilog.Sinks.Async": {
        "type": "Direct",
        "requested": "[*, )",
        "resolved": "2.1.0",
        "contentHash": "SnmRknWsSMgyo9wDXeZZCqSp48kkQYy44taSM6vcpxfiRICzSf09oLKEmVr0RCwQnfd8mJQ2WNN6nvhqf0RowQ==",
        "dependencies": {
          "Serilog": "4.1.0"
        }
      },
      "Serilog.Sinks.Console": {
        "type": "Direct",
        "requested": "[*, )",
        "resolved": "6.0.0",
        "contentHash": "fQGWqVMClCP2yEyTXPIinSr5c+CBGUvBybPxjAGcf7ctDhadFhrQw03Mv8rJ07/wR5PDfFjewf2LimvXCDzpbA==",
        "dependencies": {
          "Serilog": "4.0.0"
        }
      },
      "SkiaSharp": {
        "type": "Direct",
        "requested": "[*, )",
        "resolved": "3.116.1",
        "contentHash": "DNDwbRjP+aMo27dV2h/uHCVTcWubWWxHnPLiePNyl24f4Pv43mQ8AQQeseOrKR+J3AOCEs6t0sUjo0aa3j3RWQ==",
        "dependencies": {
          "SkiaSharp.NativeAssets.Win32": "3.116.1",
          "SkiaSharp.NativeAssets.macOS": "3.116.1"
        }
      },
      "SkiaSharp.NativeAssets.Linux": {
        "type": "Direct",
        "requested": "[*, )",
        "resolved": "3.116.1",
        "contentHash": "f4OSsrMwe+Ei9KpNc3EMUiMcZkQSYepHCaDuvMyLBaHVQd+9Ywq/rlbmapqztsU6k2iPEVLD8ZuBJm9RDJsAow=="
      },
      "SkiaSharp.NativeAssets.macOS": {
        "type": "Direct",
        "requested": "[*, )",
        "resolved": "3.116.1",
        "contentHash": "3KPvpKysDmEMt0NnAZPX5U6KFk0LmG/72/IjAIJemIksIZ0Tjs9pGpr3L+zboVCv1MLVoJLKl3nJDXUG6Jda6A=="
      },
      "SkiaSharp.NativeAssets.WebAssembly": {
        "type": "Direct",
        "requested": "[*, )",
        "resolved": "3.116.1",
        "contentHash": "CHopOG9z8P4fCha9KYe9zf0KBJg8N0/bjbCd7viYeviQIgmNf6XcL8Um2H6na7lrCYAfCZHejMmr+ErQ0jreNw=="
      },
      "SkiaSharp.NativeAssets.Win32": {
        "type": "Direct",
        "requested": "[*, )",
        "resolved": "3.116.1",
        "contentHash": "dRQ75MCI8oz6zAs2Y1w6pq6ARs4MhdNG+gf3doOxOxdnueDXffQLGQIxON54GDoxc0WjKOoHMKBR4DhaduwwQw=="
      },
      "Spectre.Console": {
        "type": "Direct",
        "requested": "[*, )",
        "resolved": "0.49.1",
        "contentHash": "USV+pdu49OJ3nCjxNuw1K9Zw/c1HCBbwbjXZp0EOn6wM99tFdAtN34KEBZUMyRuJuXlUMDqhd8Yq9obW2MslYA=="
      },
      "Spectre.Console.Cli": {
        "type": "Direct",
        "requested": "[*, )",
        "resolved": "0.49.1",
        "contentHash": "wBZzyEbKqfPFFUPhV5E7/k4Kwy4UDO42IVzvzk0C4Pkjjw+NSd0EOBkIutYET4vJY4X81pD9ooQO9gfBGXj4+g==",
        "dependencies": {
          "Spectre.Console": "0.49.1"
        }
      },
      "YamlDotNet": {
        "type": "Direct",
        "requested": "[*, )",
        "resolved": "16.3.0",
        "contentHash": "SgMOdxbz8X65z8hraIs6hOEdnkH6hESTAIUa7viEngHOYaH+6q5XJmwr1+yb9vJpNQ19hCQY69xbFsLtXpobQA=="
      },
      "ZstdSharp.Port": {
        "type": "Direct",
        "requested": "[*, )",
        "resolved": "0.8.4",
        "contentHash": "eieSXq3kakCUXbgdxkKaRqWS6hF0KBJcqok9LlDCs60GOyrynLvPOcQ0pRw7shdPF7lh/VepJ9cP9n9HHc759g=="
      },
      "Avalonia.Angle.Windows.Natives": {
        "type": "Transitive",
        "resolved": "2.1.22045.20230930",
        "contentHash": "Bo3qOhKC1b84BIhiogndMdAzB3UrrESKK7hS769f5HWeoMw/pcd42US5KFYW2JJ4ZSTrXnP8mXwLTMzh+S+9Lg=="
      },
      "Avalonia.BuildServices": {
        "type": "Transitive",
        "resolved": "0.0.29",
        "contentHash": "U4eJLQdoDNHXtEba7MZUCwrBErBTxFp6sUewXBOdAhU0Kwzwaa/EKFcYm8kpcysjzKtfB4S0S9n0uxKZFz/ikw=="
      },
      "Avalonia.Controls.DataGrid": {
        "type": "Transitive",
        "resolved": "11.2.3",
        "contentHash": "Ul6oWEoqs4eTQZIb4Hzf0+ajhgrCX9ypOj8TahKbkKoIznJkUoka3iV90Vpj/AuoT5AZsN6f+1+62SVPpeMApA==",
        "dependencies": {
          "Avalonia": "11.2.3",
          "Avalonia.Remote.Protocol": "11.2.3"
        }
      },
      "Avalonia.FreeDesktop": {
        "type": "Transitive",
        "resolved": "11.2.3",
        "contentHash": "BOivcAE3yYFKyYg5CztnTeIFX7ZHNaFiMrQ9WO4MgKyMwbPdH6jy6Mpfu+LY5FiYpleZdmXLJXZzzPon52DUVg==",
        "dependencies": {
          "Avalonia": "11.2.3",
          "Tmds.DBus.Protocol": "0.20.0"
        }
      },
      "Avalonia.Native": {
        "type": "Transitive",
        "resolved": "11.2.3",
        "contentHash": "yW9IGfa7kBuEcYP4ni7nGYNI2HjqaBg+cPJXZeiXf8RFptmluMv75hMyyq8FYIZwVcZIEcwEgff81a7b4aNTVQ==",
        "dependencies": {
          "Avalonia": "11.2.3"
        }
      },
      "Avalonia.Remote.Protocol": {
        "type": "Transitive",
        "resolved": "11.2.3",
        "contentHash": "6V0aNtld48WmO8tAlWwlRlUmXYcOWv+1eJUSl1ETF+1blUe5yhcSmuWarPprO0hDk8Ta6wGfdfcrnVl2gITYcA=="
      },
      "Avalonia.Skia": {
        "type": "Transitive",
        "resolved": "11.2.3",
        "contentHash": "jpzqkkmhzz6DSUy5dIw5T43MoHCdb05pmTvnsmHrbipA8mafI8RrO7tVnv1+ilFNV4516G9/kOpXjTLKjnnYrA==",
        "dependencies": {
          "Avalonia": "11.2.3",
          "HarfBuzzSharp": "7.3.0.3",
          "HarfBuzzSharp.NativeAssets.Linux": "7.3.0.3",
          "HarfBuzzSharp.NativeAssets.WebAssembly": "7.3.0.3",
          "SkiaSharp": "2.88.9",
          "SkiaSharp.NativeAssets.Linux": "2.88.9",
          "SkiaSharp.NativeAssets.WebAssembly": "2.88.9"
        }
      },
      "Avalonia.Themes.Simple": {
        "type": "Transitive",
        "resolved": "11.2.3",
        "contentHash": "Okio7RYUHUk1m/1n6VGrkoq0C3Y3J6RwtrTGEfXPkYMJsL6yPqstJZMYkMFQPISUr8TYUNVKv82hL1qLRw7hwA==",
        "dependencies": {
          "Avalonia": "11.2.3"
        }
      },
      "Avalonia.Win32": {
        "type": "Transitive",
        "resolved": "11.2.3",
        "contentHash": "VwdaOHvIowTSM2umeXOFIoUx4UydCXkXracwLQZaMlsWXCTJ+WwtlAIv0ZBCwQccAK+WELrdRXucvWWN8+sJCQ==",
        "dependencies": {
          "Avalonia": "11.2.3",
          "Avalonia.Angle.Windows.Natives": "2.1.22045.20230930"
        }
      },
      "Avalonia.X11": {
        "type": "Transitive",
        "resolved": "11.2.3",
        "contentHash": "0mr3zu5NEv2cTLsANyc3w51ctiLTWQia6TrlDdWCjfMx2k0VtCzgGBieByPgUl4iNWEDzgBEKek1EwJcGdJ+7g==",
        "dependencies": {
          "Avalonia": "11.2.3",
          "Avalonia.FreeDesktop": "11.2.3",
          "Avalonia.Skia": "11.2.3"
        }
      },
      "DynamicData": {
        "type": "Transitive",
        "resolved": "8.4.1",
        "contentHash": "Mn1+fU/jqxgONEJq8KLQPGWEi7g/hUVTbjZyn4QM0sWWDAVOHPO9WjXWORSykwdfg/6S3GM15qsfz+2EvO+QAQ==",
        "dependencies": {
          "System.Reactive": "6.0.0"
        }
      },
      "ExCSS": {
        "type": "Transitive",
        "resolved": "4.2.3",
        "contentHash": "SyeAfu2wL5247sipJoPUzQfjiwQtfSd8hN4IbgoyVcDx4PP6Dud4znwPRibWQzLtTlUxYYcbf5f4p+EfFC7KtQ=="
      },
      "Material.Icons": {
        "type": "Transitive",
        "resolved": "2.1.10",
        "contentHash": "nQnLAoVb9lgxWd4OtDADPVzBxERB9UYQd0UWcrqjg0NKFf8oPMuDM2kkxpBKe/Wm6Ayx3C/t3j2+8R1Nscg0Kw=="
      },
      "MicroCom.Runtime": {
        "type": "Transitive",
        "resolved": "0.11.0",
        "contentHash": "MEnrZ3UIiH40hjzMDsxrTyi8dtqB5ziv3iBeeU4bXsL/7NLSal9F1lZKpK+tfBRnUoDSdtcW3KufE4yhATOMCA=="
      },
      "Microsoft.NETCore.Platforms": {
        "type": "Transitive",
        "resolved": "1.0.1",
        "contentHash": "2G6OjjJzwBfNOO8myRV/nFrbTw5iA+DEm0N+qUqhrOmaVtn4pC77h38I1jsXGw5VH55+dPfQsqHD0We9sCl9FQ=="
      },
      "ReactiveUI": {
        "type": "Transitive",
        "resolved": "20.1.1",
        "contentHash": "9hNPknWjijnaSWs6auypoXqUptPZcRpUypF+cf1zD50fgW+SEoQda502N3fVZ2eWPcaiUad+z6GaLwOWmUVHNw==",
        "dependencies": {
          "DynamicData": "8.4.1",
          "Splat": "15.1.1",
          "System.ComponentModel.Annotations": "5.0.0"
        }
      },
      "ReactiveUI.SourceGenerators.Analyzers.CodeFixes": {
        "type": "Transitive",
        "resolved": "2.0.17",
        "contentHash": "JQViRedH8Q0c62TKtq6dovpJhH+R3UlsmQddZw0kEhoxuBEBkfchtHhzqZCWyGCzwz0sgv1QFJu6rpA6QqItkw=="
      },
      "ShimSkiaSharp": {
        "type": "Transitive",
        "resolved": "2.0.0.4",
        "contentHash": "7UDQA2c0k56I8yvgHWoRTq4JUOLU9alajszvixR4IDhXgTJaEHqXqzu618Dh26K31zvKMR4ndc9y+OhtuDdhqQ=="
      },
      "SkiaSharp.HarfBuzz": {
        "type": "Transitive",
        "resolved": "2.88.8",
        "contentHash": "ajSyJ2D17R0kZ4FwKwFrJTsYs3D3Y9iRBLhNecROR7dOxC6VTFaMPXJuwQB8KYpAqgmb2JAJFEgZ3i8MaaIw1g==",
        "dependencies": {
          "HarfBuzzSharp": "7.3.0.2",
          "SkiaSharp": "2.88.8"
        }
      },
      "Splat": {
        "type": "Transitive",
        "resolved": "15.1.1",
        "contentHash": "RHDTdF90FwVbRia2cmuIzkiVoETqnXSB2dDBBi/I35HWXqv4OKGqoMcfcd6obMvO2OmmY5PjU1M62K8LkJafAA=="
      },
      "Svg.Custom": {
        "type": "Transitive",
        "resolved": "2.0.0.4",
        "contentHash": "RTA2brxnCbPi+hR8Z6qRGNA0aB7CGR2dBn57xmK3KXbuZPmiV1OUEjuI5++oMN6HcnEMIXSa8UkHTanjNt3eMA==",
        "dependencies": {
          "ExCSS": "4.2.3"
        }
      },
      "Svg.Model": {
        "type": "Transitive",
        "resolved": "2.0.0.4",
        "contentHash": "u3O0EW7w4PUI7hyYKeH9F5hm1KDgRnz3KRutwTyRwGia/MqCuYF6nf9HeNiw7rOuX0tR14wa8peQ/rw9RpWSOQ==",
        "dependencies": {
          "ShimSkiaSharp": "2.0.0.4",
          "Svg.Custom": "2.0.0.4"
        }
      },
      "Svg.Skia": {
        "type": "Transitive",
        "resolved": "2.0.0.4",
        "contentHash": "RlM5lc+y9yIXdBnMKvuyutBdylSWGTfg7hqiGz6dLcJdOYiKQS+WcCECC+pYMTauSNeTQX77YMryMKiG1lMFyQ==",
        "dependencies": {
          "SkiaSharp": "2.88.8",
          "SkiaSharp.HarfBuzz": "2.88.8",
          "Svg.Custom": "2.0.0.4",
          "Svg.Model": "2.0.0.4"
        }
      },
      "System.ComponentModel.Annotations": {
        "type": "Transitive",
        "resolved": "5.0.0",
        "contentHash": "dMkqfy2el8A8/I76n2Hi1oBFEbG1SfxD2l5nhwXV3XjlnOmwxJlQbYpJH4W51odnU9sARCSAgv7S3CyAFMkpYg=="
      },
      "System.IO.Pipelines": {
        "type": "Transitive",
        "resolved": "8.0.0",
        "contentHash": "FHNOatmUq0sqJOkTx+UF/9YK1f180cnW5FVqnQMvYUN0elp6wFzbtPSiqbo1/ru8ICp43JM1i7kKkk6GsNGHlA=="
      },
      "System.Reactive": {
        "type": "Transitive",
        "resolved": "6.0.1",
        "contentHash": "rHaWtKDwCi9qJ3ObKo8LHPMuuwv33YbmQi7TcUK1C264V3MFnOr5Im7QgCTdLniztP3GJyeiSg5x8NqYJFqRmg=="
      },
      "Tmds.DBus.Protocol": {
        "type": "Transitive",
        "resolved": "0.20.0",
        "contentHash": "2gkt2kuYPhDKd8gtl34jZSJOnn4nRJfFngCDcTZT/uySbK++ua0YQx2418l9Rn1Y4dE5XNq6zG9ZsE5ltLlNNw==",
        "dependencies": {
          "System.IO.Pipelines": "8.0.0"
        }
      }
    },
    "net9.0/linux-x64": {
      "HarfBuzzSharp.NativeAssets.Linux": {
        "type": "Direct",
        "requested": "[*, )",
        "resolved": "8.3.0.1",
        "contentHash": "Qn8drjWx6xRm+KZ38pGK5Np44h58BI9rGAqQmJOmXNuAwsnfgrce8oWW8KI0O8CBSuu1R5Y2yhe8N+PayuAhNA=="
      },
      "HarfBuzzSharp.NativeAssets.macOS": {
        "type": "Direct",
        "requested": "[*, )",
        "resolved": "8.3.0.1",
        "contentHash": "2o6U05LAmK+rwX7TvmJ2X0anXJG2hSE7kHVmCshhHy0tKfByJ5ykBacvhmmooHchlOwq15KBZeROGafCT8nN+g=="
      },
      "HarfBuzzSharp.NativeAssets.Win32": {
        "type": "Direct",
        "requested": "[*, )",
        "resolved": "8.3.0.1",
        "contentHash": "ow0DtGEUjo65qhiI22of7qiVbN1xDFsZ5P5xJljRmGZ5WSxNy+1batLNJFGxahqhB1MTHYV8kAXf0GqC8WaevQ=="
      },
      "Libuv": {
        "type": "Direct",
        "requested": "[*, )",
        "resolved": "1.10.0",
        "contentHash": "GsCf4q+eyaI49rCPlgYxdxa1SQCysXFFdSJWdstrwxytg4+VPYLYrXD4AT2rjHVJ+UF7SSWX9CapWEYaU4ejVQ==",
        "dependencies": {
          "Microsoft.NETCore.Platforms": "1.0.1"
        }
      },
      "SkiaSharp.NativeAssets.Linux": {
        "type": "Direct",
        "requested": "[*, )",
        "resolved": "3.116.1",
        "contentHash": "f4OSsrMwe+Ei9KpNc3EMUiMcZkQSYepHCaDuvMyLBaHVQd+9Ywq/rlbmapqztsU6k2iPEVLD8ZuBJm9RDJsAow=="
      },
      "SkiaSharp.NativeAssets.macOS": {
        "type": "Direct",
        "requested": "[*, )",
        "resolved": "3.116.1",
        "contentHash": "3KPvpKysDmEMt0NnAZPX5U6KFk0LmG/72/IjAIJemIksIZ0Tjs9pGpr3L+zboVCv1MLVoJLKl3nJDXUG6Jda6A=="
      },
      "SkiaSharp.NativeAssets.Win32": {
        "type": "Direct",
        "requested": "[*, )",
        "resolved": "3.116.1",
        "contentHash": "dRQ75MCI8oz6zAs2Y1w6pq6ARs4MhdNG+gf3doOxOxdnueDXffQLGQIxON54GDoxc0WjKOoHMKBR4DhaduwwQw=="
      },
      "Avalonia.Angle.Windows.Natives": {
        "type": "Transitive",
        "resolved": "2.1.22045.20230930",
        "contentHash": "Bo3qOhKC1b84BIhiogndMdAzB3UrrESKK7hS769f5HWeoMw/pcd42US5KFYW2JJ4ZSTrXnP8mXwLTMzh+S+9Lg=="
      },
      "Avalonia.Native": {
        "type": "Transitive",
        "resolved": "11.2.3",
        "contentHash": "yW9IGfa7kBuEcYP4ni7nGYNI2HjqaBg+cPJXZeiXf8RFptmluMv75hMyyq8FYIZwVcZIEcwEgff81a7b4aNTVQ==",
        "dependencies": {
          "Avalonia": "11.2.3"
        }
      }
    },
    "net9.0/osx-x64": {
      "HarfBuzzSharp.NativeAssets.Linux": {
        "type": "Direct",
        "requested": "[*, )",
        "resolved": "8.3.0.1",
        "contentHash": "Qn8drjWx6xRm+KZ38pGK5Np44h58BI9rGAqQmJOmXNuAwsnfgrce8oWW8KI0O8CBSuu1R5Y2yhe8N+PayuAhNA=="
      },
      "HarfBuzzSharp.NativeAssets.macOS": {
        "type": "Direct",
        "requested": "[*, )",
        "resolved": "8.3.0.1",
        "contentHash": "2o6U05LAmK+rwX7TvmJ2X0anXJG2hSE7kHVmCshhHy0tKfByJ5ykBacvhmmooHchlOwq15KBZeROGafCT8nN+g=="
      },
      "HarfBuzzSharp.NativeAssets.Win32": {
        "type": "Direct",
        "requested": "[*, )",
        "resolved": "8.3.0.1",
        "contentHash": "ow0DtGEUjo65qhiI22of7qiVbN1xDFsZ5P5xJljRmGZ5WSxNy+1batLNJFGxahqhB1MTHYV8kAXf0GqC8WaevQ=="
      },
      "Libuv": {
        "type": "Direct",
        "requested": "[*, )",
        "resolved": "1.10.0",
        "contentHash": "GsCf4q+eyaI49rCPlgYxdxa1SQCysXFFdSJWdstrwxytg4+VPYLYrXD4AT2rjHVJ+UF7SSWX9CapWEYaU4ejVQ==",
        "dependencies": {
          "Microsoft.NETCore.Platforms": "1.0.1"
        }
      },
      "SkiaSharp.NativeAssets.Linux": {
        "type": "Direct",
        "requested": "[*, )",
        "resolved": "3.116.1",
        "contentHash": "f4OSsrMwe+Ei9KpNc3EMUiMcZkQSYepHCaDuvMyLBaHVQd+9Ywq/rlbmapqztsU6k2iPEVLD8ZuBJm9RDJsAow=="
      },
      "SkiaSharp.NativeAssets.macOS": {
        "type": "Direct",
        "requested": "[*, )",
        "resolved": "3.116.1",
        "contentHash": "3KPvpKysDmEMt0NnAZPX5U6KFk0LmG/72/IjAIJemIksIZ0Tjs9pGpr3L+zboVCv1MLVoJLKl3nJDXUG6Jda6A=="
      },
      "SkiaSharp.NativeAssets.Win32": {
        "type": "Direct",
        "requested": "[*, )",
        "resolved": "3.116.1",
        "contentHash": "dRQ75MCI8oz6zAs2Y1w6pq6ARs4MhdNG+gf3doOxOxdnueDXffQLGQIxON54GDoxc0WjKOoHMKBR4DhaduwwQw=="
      },
      "Avalonia.Angle.Windows.Natives": {
        "type": "Transitive",
        "resolved": "2.1.22045.20230930",
        "contentHash": "Bo3qOhKC1b84BIhiogndMdAzB3UrrESKK7hS769f5HWeoMw/pcd42US5KFYW2JJ4ZSTrXnP8mXwLTMzh+S+9Lg=="
      },
      "Avalonia.Native": {
        "type": "Transitive",
        "resolved": "11.2.3",
        "contentHash": "yW9IGfa7kBuEcYP4ni7nGYNI2HjqaBg+cPJXZeiXf8RFptmluMv75hMyyq8FYIZwVcZIEcwEgff81a7b4aNTVQ==",
        "dependencies": {
          "Avalonia": "11.2.3"
        }
      }
    },
    "net9.0/win-x64": {
      "HarfBuzzSharp.NativeAssets.Linux": {
        "type": "Direct",
        "requested": "[*, )",
        "resolved": "8.3.0.1",
        "contentHash": "Qn8drjWx6xRm+KZ38pGK5Np44h58BI9rGAqQmJOmXNuAwsnfgrce8oWW8KI0O8CBSuu1R5Y2yhe8N+PayuAhNA=="
      },
      "HarfBuzzSharp.NativeAssets.macOS": {
        "type": "Direct",
        "requested": "[*, )",
        "resolved": "8.3.0.1",
        "contentHash": "2o6U05LAmK+rwX7TvmJ2X0anXJG2hSE7kHVmCshhHy0tKfByJ5ykBacvhmmooHchlOwq15KBZeROGafCT8nN+g=="
      },
      "HarfBuzzSharp.NativeAssets.Win32": {
        "type": "Direct",
        "requested": "[*, )",
        "resolved": "8.3.0.1",
        "contentHash": "ow0DtGEUjo65qhiI22of7qiVbN1xDFsZ5P5xJljRmGZ5WSxNy+1batLNJFGxahqhB1MTHYV8kAXf0GqC8WaevQ=="
      },
      "Libuv": {
        "type": "Direct",
        "requested": "[*, )",
        "resolved": "1.10.0",
        "contentHash": "GsCf4q+eyaI49rCPlgYxdxa1SQCysXFFdSJWdstrwxytg4+VPYLYrXD4AT2rjHVJ+UF7SSWX9CapWEYaU4ejVQ==",
        "dependencies": {
          "Microsoft.NETCore.Platforms": "1.0.1"
        }
      },
      "SkiaSharp.NativeAssets.Linux": {
        "type": "Direct",
        "requested": "[*, )",
        "resolved": "3.116.1",
        "contentHash": "f4OSsrMwe+Ei9KpNc3EMUiMcZkQSYepHCaDuvMyLBaHVQd+9Ywq/rlbmapqztsU6k2iPEVLD8ZuBJm9RDJsAow=="
      },
      "SkiaSharp.NativeAssets.macOS": {
        "type": "Direct",
        "requested": "[*, )",
        "resolved": "3.116.1",
        "contentHash": "3KPvpKysDmEMt0NnAZPX5U6KFk0LmG/72/IjAIJemIksIZ0Tjs9pGpr3L+zboVCv1MLVoJLKl3nJDXUG6Jda6A=="
      },
      "SkiaSharp.NativeAssets.Win32": {
        "type": "Direct",
        "requested": "[*, )",
        "resolved": "3.116.1",
        "contentHash": "dRQ75MCI8oz6zAs2Y1w6pq6ARs4MhdNG+gf3doOxOxdnueDXffQLGQIxON54GDoxc0WjKOoHMKBR4DhaduwwQw=="
      },
      "Avalonia.Angle.Windows.Natives": {
        "type": "Transitive",
        "resolved": "2.1.22045.20230930",
        "contentHash": "Bo3qOhKC1b84BIhiogndMdAzB3UrrESKK7hS769f5HWeoMw/pcd42US5KFYW2JJ4ZSTrXnP8mXwLTMzh+S+9Lg=="
      },
      "Avalonia.Native": {
        "type": "Transitive",
        "resolved": "11.2.3",
        "contentHash": "yW9IGfa7kBuEcYP4ni7nGYNI2HjqaBg+cPJXZeiXf8RFptmluMv75hMyyq8FYIZwVcZIEcwEgff81a7b4aNTVQ==",
        "dependencies": {
          "Avalonia": "11.2.3"
        }
      }
    }
  }
}