{
  "version": 1,
  "dependencies": {
    "net8.0": {
      "Avalonia": {
        "type": "Direct",
        "requested": "[11.2.0, )",
        "resolved": "11.2.0",
        "contentHash": "dM5GvrBRNtxPDypOQ9TnUEx3zd5CmCkXUQX/kd2Ged2iqxHuJtipZcWiS5WtFfprlHa/J8ki4+0+jeawC0VtCA==",
        "dependencies": {
          "Avalonia.BuildServices": "0.0.29",
          "Avalonia.Remote.Protocol": "11.2.0",
          "MicroCom.Runtime": "0.11.0"
        }
      },
      "Avalonia.Desktop": {
        "type": "Direct",
        "requested": "[11.2.0, )",
        "resolved": "11.2.0",
        "contentHash": "oEsuiMzsr9QCQmi+J0wYvpEySzEpqmbg1EWi5FyrXaHM1E7e8LVxgi97G2W9+kKYrm3BCRvSDGW4dYsKIb3UXg==",
        "dependencies": {
          "Avalonia": "11.2.0",
          "Avalonia.Native": "11.2.0",
          "Avalonia.Skia": "11.2.0",
          "Avalonia.Win32": "11.2.0",
          "Avalonia.X11": "11.2.0"
        }
      },
      "Avalonia.Diagnostics": {
        "type": "Direct",
        "requested": "[11.2.0, )",
        "resolved": "11.2.0",
        "contentHash": "P0TSfq5sVdHuGC1xwuINkUAezMB92IxP+M/UBOEHWQRal13K4z2V8V75l9WH8ja0q/1B9sF6+4xcHS7JbOJhpQ==",
        "dependencies": {
          "Avalonia": "11.2.0",
          "Avalonia.Controls.ColorPicker": "11.2.0",
          "Avalonia.Controls.DataGrid": "11.2.0",
          "Avalonia.Themes.Simple": "11.2.0"
        }
      },
      "Avalonia.Fonts.Inter": {
        "type": "Direct",
        "requested": "[11.2.0, )",
        "resolved": "11.2.0",
        "contentHash": "kLorc5wMPXer0xngTRFdXGb/Yq84xa4klI7m+7PW4mCSQ8dv3sRqBebecgSAs1/ADs9i/JTGdHgIPB0Yrec9ZA==",
        "dependencies": {
          "Avalonia": "11.2.0"
        }
      },
      "Avalonia.ReactiveUI": {
        "type": "Direct",
        "requested": "[11.2.0, )",
        "resolved": "11.2.0",
        "contentHash": "xecP1P3G7MzkXrwRIVmsfpQ8ofsS9XK3H4YXtyH+dZvqhXc/emsRGFfrtjL8TBidnE7JCLYP9QF7Z3n7bvMYSw==",
        "dependencies": {
          "Avalonia": "11.2.0",
          "ReactiveUI": "20.1.1",
          "System.Reactive": "6.0.1"
        }
      },
      "Avalonia.Svg.Skia": {
        "type": "Direct",
        "requested": "[11.2.0, )",
        "resolved": "11.2.0",
        "contentHash": "lObeT9ZCdIHtEhWjPCPSN9Lnl7bzPYP3YBvuXQOh6ge503DSi613TOb6hGvPq7w7eXUgY9OuC30lJud96PoMkw==",
        "dependencies": {
          "Avalonia": "11.2.0",
          "Avalonia.Skia": "11.2.0",
          "SkiaSharp": "2.88.8",
          "Svg.Skia": "2.0.0.2"
        }
      },
      "Avalonia.Themes.Fluent": {
        "type": "Direct",
        "requested": "[11.2.0, )",
        "resolved": "11.2.0",
        "contentHash": "f0DgBcwCOdVChA10XfHIPBUUWeaG/r65zWpPynMgE8kPOyorJqsrbuGS//hxU4uRiQJwJgTGbQUqWVn3dEgM1g==",
        "dependencies": {
          "Avalonia": "11.2.0"
        }
      },
      "Libuv": {
        "type": "Direct",
        "requested": "[1.10.0, )",
        "resolved": "1.10.0",
        "contentHash": "GsCf4q+eyaI49rCPlgYxdxa1SQCysXFFdSJWdstrwxytg4+VPYLYrXD4AT2rjHVJ+UF7SSWX9CapWEYaU4ejVQ==",
        "dependencies": {
          "Microsoft.NETCore.Platforms": "1.0.1"
        }
      },
      "Material.Icons.Avalonia": {
        "type": "Direct",
        "requested": "[2.1.10, )",
        "resolved": "2.1.10",
        "contentHash": "dclTtNbnoLonYK/YI2vgYvOmLeqw08xHxL+ExOSGZEMJKt6k3F6SDmJ41tByOxgXAd+nIDh8V9FqC0FQSEp/CQ==",
        "dependencies": {
          "Avalonia": "11.0.0-rc1.1",
          "Material.Icons": "2.1.10"
        }
      },
      "ReactiveUI.Fody": {
        "type": "Direct",
        "requested": "[19.5.41, )",
        "resolved": "19.5.41",
        "contentHash": "bh6OH1WsSHf/ryUVaPnI6LWl1+lrCvq4L/AoHpzPXCKxtR4p0ogPVONnkq0jYgSQ55x7YNCVkthBKeb6uUSbpg==",
        "dependencies": {
          "Fody": "6.8.0",
          "ReactiveUI": "19.5.41"
        }
      },
      "Serilog": {
        "type": "Direct",
        "requested": "[4.1.0, )",
        "resolved": "4.1.0",
        "contentHash": "u1aZI8HZ62LWlq5dZLFwm6jMax/sUwnWZSw5lkPsCt518cJBxFKoNmc7oSxe5aA5BgSkzy9rzwFGR/i/acnSPw=="
      },
      "Serilog.Sinks.Console": {
        "type": "Direct",
        "requested": "[6.0.0, )",
        "resolved": "6.0.0",
        "contentHash": "fQGWqVMClCP2yEyTXPIinSr5c+CBGUvBybPxjAGcf7ctDhadFhrQw03Mv8rJ07/wR5PDfFjewf2LimvXCDzpbA==",
        "dependencies": {
          "Serilog": "4.0.0"
        }
      },
      "YamlDotNet": {
        "type": "Direct",
        "requested": "[16.1.3, )",
        "resolved": "16.1.3",
        "contentHash": "gtHGiDvU9VTtWte8f0thIM38cL1oowOjStKpeAEKKfA+Rc4AvekJzqFDZiiPcc4kw00ZiwR4OTJS56L16q98DQ=="
      },
      "ZstdSharp.Port": {
        "type": "Direct",
        "requested": "[0.8.1, )",
        "resolved": "0.8.1",
        "contentHash": "19tNz33kn2EkyViFXuxfVn338UJaRmkwBphVqP2dVJIYQUQgFrgG5h061mxkRRg1Ax6r+6WOj1FxaFZ5qaWqqg=="
      },
      "Avalonia.Angle.Windows.Natives": {
        "type": "Transitive",
        "resolved": "2.1.22045.20230930",
        "contentHash": "Bo3qOhKC1b84BIhiogndMdAzB3UrrESKK7hS769f5HWeoMw/pcd42US5KFYW2JJ4ZSTrXnP8mXwLTMzh+S+9Lg=="
      },
      "Avalonia.BuildServices": {
        "type": "Transitive",
        "resolved": "0.0.29",
        "contentHash": "U4eJLQdoDNHXtEba7MZUCwrBErBTxFp6sUewXBOdAhU0Kwzwaa/EKFcYm8kpcysjzKtfB4S0S9n0uxKZFz/ikw=="
      },
      "Avalonia.Controls.ColorPicker": {
        "type": "Transitive",
        "resolved": "11.2.0",
        "contentHash": "sJTMhfF5j1mjgRIK4cKa8Ldg5cLI1IeFO4OVRlChiMQPTT5Mv6EURmrriCfJ7icP7opDgdAx1ogFWiLPYTjX0Q==",
        "dependencies": {
          "Avalonia": "11.2.0",
          "Avalonia.Remote.Protocol": "11.2.0"
        }
      },
      "Avalonia.Controls.DataGrid": {
        "type": "Transitive",
        "resolved": "11.2.0",
        "contentHash": "nmtigVPgYVYMZbQR1wRz5InSk5ab8INSwmFzDbIqsYdn+Mj4/5lB4d5MoxIj3wEQUcxqkO7iqNFsOKafYvjZqg==",
        "dependencies": {
          "Avalonia": "11.2.0",
          "Avalonia.Remote.Protocol": "11.2.0"
        }
      },
      "Avalonia.FreeDesktop": {
        "type": "Transitive",
        "resolved": "11.2.0",
        "contentHash": "T1powrpZbpx8YnON3ljyNBKZnML016tYP5cxFYFTyCguPSjYGBBjI6Johq3CB50bSfftkSc5dHNQBDvnkxLFJg==",
        "dependencies": {
          "Avalonia": "11.2.0",
          "Tmds.DBus.Protocol": "0.20.0"
        }
      },
      "Avalonia.Native": {
        "type": "Transitive",
        "resolved": "11.2.0",
        "contentHash": "u1ABzlIAVsBebou9PSRT1FifvpQi6vnG0ktU1KWvwG0Vwo6BhYREamISaPGAK25qx6SkwL1S4AYuhJ3IYgYvkA==",
        "dependencies": {
          "Avalonia": "11.2.0"
        }
      },
      "Avalonia.Remote.Protocol": {
        "type": "Transitive",
        "resolved": "11.2.0",
        "contentHash": "dt/YyfLV+WG+jrqwBIthL8UOX9Jmn1AQi9P3vrXyYrWpNJREYz7mEGTwPau5jNOTN2scitJ3fbxrzPO8yoAX0A=="
      },
      "Avalonia.Skia": {
        "type": "Transitive",
        "resolved": "11.2.0",
        "contentHash": "UZEwEgEV8XzkzT0XxoLx3HglqeS1J6ieaui5Kcvtni4va6XJUhUDDwaCv6FagrUU9hF0y/VkbYbVMylEN8z2Gg==",
        "dependencies": {
          "Avalonia": "11.2.0",
          "HarfBuzzSharp": "7.3.0.2",
          "HarfBuzzSharp.NativeAssets.Linux": "7.3.0.2",
          "HarfBuzzSharp.NativeAssets.WebAssembly": "7.3.0.3-preview.2.2",
          "SkiaSharp": "2.88.8",
          "SkiaSharp.NativeAssets.Linux": "2.88.8",
          "SkiaSharp.NativeAssets.WebAssembly": "2.88.8"
        }
      },
      "Avalonia.Themes.Simple": {
        "type": "Transitive",
        "resolved": "11.2.0",
        "contentHash": "1unSXWE9wexRzsxypUUT3M+5Q8QTdvsVKh+M4cWB0Ps2drfA7wWSrO9/J1h8sWxky1OYr/VwKyar9Pl4AAcTrg==",
        "dependencies": {
          "Avalonia": "11.2.0"
        }
      },
      "Avalonia.Win32": {
        "type": "Transitive",
        "resolved": "11.2.0",
        "contentHash": "XtONyBjt7VP550SRUAx++x55A9hBIYkfYsxkRmyx7x5aYV7XL6e4V5aGX7Lpy5Eqgn3IiYJ8/rX8WpFQK670nA==",
        "dependencies": {
          "Avalonia": "11.2.0",
          "Avalonia.Angle.Windows.Natives": "2.1.22045.20230930"
        }
      },
      "Avalonia.X11": {
        "type": "Transitive",
        "resolved": "11.2.0",
        "contentHash": "IKHykmTPXsyVkFINgVkYw4HRn3CcOnxdH8lwAQ9DHgDwNLiJrQT8Zys3fjblBTHCHLsQ/UjszlMSIwkgSXOmJw==",
        "dependencies": {
          "Avalonia": "11.2.0",
          "Avalonia.FreeDesktop": "11.2.0",
          "Avalonia.Skia": "11.2.0"
        }
      },
      "DynamicData": {
        "type": "Transitive",
        "resolved": "8.4.1",
        "contentHash": "Mn1+fU/jqxgONEJq8KLQPGWEi7g/hUVTbjZyn4QM0sWWDAVOHPO9WjXWORSykwdfg/6S3GM15qsfz+2EvO+QAQ==",
        "dependencies": {
          "System.Reactive": "6.0.0"
        }
      },
      "ExCSS": {
        "type": "Transitive",
        "resolved": "4.2.3",
        "contentHash": "SyeAfu2wL5247sipJoPUzQfjiwQtfSd8hN4IbgoyVcDx4PP6Dud4znwPRibWQzLtTlUxYYcbf5f4p+EfFC7KtQ=="
      },
      "Fody": {
        "type": "Transitive",
        "resolved": "6.8.0",
        "contentHash": "hfZ/f8Mezt8aTkgv9nsvFdYoQ809/AqwsJlOGOPYIfBcG2aAIG3v3ex9d8ZqQuFYyMoucjRg4eKy3VleeGodKQ=="
      },
      "HarfBuzzSharp": {
        "type": "Transitive",
        "resolved": "7.3.0.2",
        "contentHash": "0tCd6HyCmNsX/DniCp2b00fo0xPbdNwKOs9BxxyT8oOOuMlWjcSFwzONKyeckCKVBFEsbSmsAHPDTqxoSDwZMg==",
        "dependencies": {
          "HarfBuzzSharp.NativeAssets.Win32": "7.3.0.2",
          "HarfBuzzSharp.NativeAssets.macOS": "7.3.0.2"
        }
      },
      "HarfBuzzSharp.NativeAssets.Linux": {
        "type": "Transitive",
        "resolved": "7.3.0.2",
        "contentHash": "aKa5J1RqjXKAtdcZJp5wjC78klfBIzJHM6CneN76lFmQ9LLRJA9Oa0TkIDaV8lVLDKMAy5fCKHXFlXUK1YfL/g==",
        "dependencies": {
          "HarfBuzzSharp": "7.3.0.2"
        }
      },
      "HarfBuzzSharp.NativeAssets.macOS": {
        "type": "Transitive",
        "resolved": "7.3.0.2",
        "contentHash": "nycYH/WLJ6ogm+I+QSFCdPJsdxSb5GANWYbQyp1vsd/KjXN56RVUJWPhbgP2GKb/Y7mrsHM7EProqVXlO/EMsA=="
      },
      "HarfBuzzSharp.NativeAssets.WebAssembly": {
        "type": "Transitive",
        "resolved": "7.3.0.3-preview.2.2",
        "contentHash": "Dc+dolrhmkpqwT25NfNEEgceW0//KRR2WIOvxlyIIHIIMBCn0FfUeJX5RhFll8kyaZwF8tuKsxRJtQG/rzSBog=="
      },
      "HarfBuzzSharp.NativeAssets.Win32": {
        "type": "Transitive",
        "resolved": "7.3.0.2",
        "contentHash": "DpF9JBzwws2dupOLnjME65hxQWWbN/GD40AoTkwB4S05WANvxo3n81AnQJKxWDCnrWfWhLPB36OF27TvEqzb/A=="
      },
      "Material.Icons": {
        "type": "Transitive",
        "resolved": "2.1.10",
        "contentHash": "nQnLAoVb9lgxWd4OtDADPVzBxERB9UYQd0UWcrqjg0NKFf8oPMuDM2kkxpBKe/Wm6Ayx3C/t3j2+8R1Nscg0Kw=="
      },
      "MicroCom.Runtime": {
        "type": "Transitive",
        "resolved": "0.11.0",
        "contentHash": "MEnrZ3UIiH40hjzMDsxrTyi8dtqB5ziv3iBeeU4bXsL/7NLSal9F1lZKpK+tfBRnUoDSdtcW3KufE4yhATOMCA=="
      },
      "Microsoft.NETCore.Platforms": {
        "type": "Transitive",
        "resolved": "1.0.1",
        "contentHash": "2G6OjjJzwBfNOO8myRV/nFrbTw5iA+DEm0N+qUqhrOmaVtn4pC77h38I1jsXGw5VH55+dPfQsqHD0We9sCl9FQ=="
      },
      "ReactiveUI": {
        "type": "Transitive",
        "resolved": "20.1.1",
        "contentHash": "9hNPknWjijnaSWs6auypoXqUptPZcRpUypF+cf1zD50fgW+SEoQda502N3fVZ2eWPcaiUad+z6GaLwOWmUVHNw==",
        "dependencies": {
          "DynamicData": "8.4.1",
          "Splat": "15.1.1",
          "System.ComponentModel.Annotations": "5.0.0"
        }
      },
      "ShimSkiaSharp": {
        "type": "Transitive",
        "resolved": "2.0.0.2",
        "contentHash": "xfEUpGfuRllFvJXRQ72hHtkceizpdw/D0WR2nfRudPHzVhfRItdnbcP29EdmoKb2fWXsoTsOT+5fwhKI6A8dug=="
      },
      "SkiaSharp": {
        "type": "Transitive",
        "resolved": "2.88.8",
        "contentHash": "bRkp3uKp5ZI8gXYQT57uKwil1uobb2p8c69n7v5evlB/2JNcMAXVcw9DZAP5Ig3WSvgzGm2YSn27UVeOi05NlA==",
        "dependencies": {
          "SkiaSharp.NativeAssets.Win32": "2.88.8",
          "SkiaSharp.NativeAssets.macOS": "2.88.8"
        }
      },
      "SkiaSharp.HarfBuzz": {
        "type": "Transitive",
        "resolved": "2.88.8",
        "contentHash": "ajSyJ2D17R0kZ4FwKwFrJTsYs3D3Y9iRBLhNecROR7dOxC6VTFaMPXJuwQB8KYpAqgmb2JAJFEgZ3i8MaaIw1g==",
        "dependencies": {
          "HarfBuzzSharp": "7.3.0.2",
          "SkiaSharp": "2.88.8"
        }
      },
      "SkiaSharp.NativeAssets.Linux": {
        "type": "Transitive",
        "resolved": "2.88.8",
        "contentHash": "0FO6YA7paNFBMJULvEyecPmCvL9/STvOAi5VOUw2srqJ7pNTbiiZkfl7sulAzcumbWgfzaVjRXYTgMj7SoUnWQ==",
        "dependencies": {
          "SkiaSharp": "2.88.8"
        }
      },
      "SkiaSharp.NativeAssets.macOS": {
        "type": "Transitive",
        "resolved": "2.88.8",
        "contentHash": "6Kn5TSkKlfyS6azWHF3Jk2sW5C4jCE5uSshM/5AbfFrR+5n6qM5XEnz9h4VaVl7LTxBvHvMkuPb/3bpbq0vxTw=="
      },
      "SkiaSharp.NativeAssets.WebAssembly": {
        "type": "Transitive",
        "resolved": "2.88.8",
        "contentHash": "S3qRo8c+gVYOyfrdf6FYnjx/ft+gPkb4dNY2IPv5Oy5yNBhDhXhKqHFr9h4+ne6ZU+7D4dbuRQqsIqCo8u1/DA=="
      },
      "SkiaSharp.NativeAssets.Win32": {
        "type": "Transitive",
        "resolved": "2.88.8",
        "contentHash": "O9QXoWEXA+6cweR4h3BOnwMz+pO9vL9mXdjLrpDd0w1QzCgWmLQBxa1VgySDITiH7nQndrDG1h6937zm9pLj1Q=="
      },
      "Splat": {
        "type": "Transitive",
        "resolved": "15.1.1",
        "contentHash": "RHDTdF90FwVbRia2cmuIzkiVoETqnXSB2dDBBi/I35HWXqv4OKGqoMcfcd6obMvO2OmmY5PjU1M62K8LkJafAA=="
      },
      "Svg.Custom": {
        "type": "Transitive",
        "resolved": "2.0.0.2",
        "contentHash": "33W9Y0tERH6ufrkVxzhpBsOSnz5qzssWEhv8mABnOoj/Firu0YM7q2hl9xFyvCxVUKx8GUDNxucY6P3/pgzlOQ==",
        "dependencies": {
          "ExCSS": "4.2.3"
        }
      },
      "Svg.Model": {
        "type": "Transitive",
        "resolved": "2.0.0.2",
        "contentHash": "9VMT7sxbUWjCZF68Gfnw1tdmjB7m/scvmBAmDhlT0GR6sBGU3CpPk8NSiy6mSAD4ALa3sAeSOnAwh1uQ+DC2vg==",
        "dependencies": {
          "ShimSkiaSharp": "2.0.0.2",
          "Svg.Custom": "2.0.0.2"
        }
      },
      "Svg.Skia": {
        "type": "Transitive",
        "resolved": "2.0.0.2",
        "contentHash": "Lf2/sZ+eKK60bJ4k29IynMFNhzkou4UIqu7i/9vlA5S2H7u1uHhCl8KboIIeXLrvycpY70eaxEPJizupYj7xUw==",
        "dependencies": {
          "SkiaSharp": "2.88.8",
          "SkiaSharp.HarfBuzz": "2.88.8",
          "Svg.Custom": "2.0.0.2",
          "Svg.Model": "2.0.0.2"
        }
      },
      "System.ComponentModel.Annotations": {
        "type": "Transitive",
        "resolved": "5.0.0",
        "contentHash": "dMkqfy2el8A8/I76n2Hi1oBFEbG1SfxD2l5nhwXV3XjlnOmwxJlQbYpJH4W51odnU9sARCSAgv7S3CyAFMkpYg=="
      },
      "System.IO.Pipelines": {
        "type": "Transitive",
        "resolved": "8.0.0",
        "contentHash": "FHNOatmUq0sqJOkTx+UF/9YK1f180cnW5FVqnQMvYUN0elp6wFzbtPSiqbo1/ru8ICp43JM1i7kKkk6GsNGHlA=="
      },
      "System.Reactive": {
        "type": "Transitive",
        "resolved": "6.0.1",
        "contentHash": "rHaWtKDwCi9qJ3ObKo8LHPMuuwv33YbmQi7TcUK1C264V3MFnOr5Im7QgCTdLniztP3GJyeiSg5x8NqYJFqRmg=="
      },
      "Tmds.DBus.Protocol": {
        "type": "Transitive",
        "resolved": "0.20.0",
        "contentHash": "2gkt2kuYPhDKd8gtl34jZSJOnn4nRJfFngCDcTZT/uySbK++ua0YQx2418l9Rn1Y4dE5XNq6zG9ZsE5ltLlNNw==",
        "dependencies": {
          "System.IO.Pipelines": "8.0.0"
        }
      }
    },
    "net8.0/linux-x64": {
      "Libuv": {
        "type": "Direct",
        "requested": "[1.10.0, )",
        "resolved": "1.10.0",
        "contentHash": "GsCf4q+eyaI49rCPlgYxdxa1SQCysXFFdSJWdstrwxytg4+VPYLYrXD4AT2rjHVJ+UF7SSWX9CapWEYaU4ejVQ==",
        "dependencies": {
          "Microsoft.NETCore.Platforms": "1.0.1"
        }
      },
      "Avalonia.Angle.Windows.Natives": {
        "type": "Transitive",
        "resolved": "2.1.22045.20230930",
        "contentHash": "Bo3qOhKC1b84BIhiogndMdAzB3UrrESKK7hS769f5HWeoMw/pcd42US5KFYW2JJ4ZSTrXnP8mXwLTMzh+S+9Lg=="
      },
      "Avalonia.Native": {
        "type": "Transitive",
        "resolved": "11.2.0",
        "contentHash": "u1ABzlIAVsBebou9PSRT1FifvpQi6vnG0ktU1KWvwG0Vwo6BhYREamISaPGAK25qx6SkwL1S4AYuhJ3IYgYvkA==",
        "dependencies": {
          "Avalonia": "11.2.0"
        }
      },
      "HarfBuzzSharp.NativeAssets.Linux": {
        "type": "Transitive",
        "resolved": "7.3.0.2",
        "contentHash": "aKa5J1RqjXKAtdcZJp5wjC78klfBIzJHM6CneN76lFmQ9LLRJA9Oa0TkIDaV8lVLDKMAy5fCKHXFlXUK1YfL/g==",
        "dependencies": {
          "HarfBuzzSharp": "7.3.0.2"
        }
      },
      "HarfBuzzSharp.NativeAssets.macOS": {
        "type": "Transitive",
        "resolved": "7.3.0.2",
        "contentHash": "nycYH/WLJ6ogm+I+QSFCdPJsdxSb5GANWYbQyp1vsd/KjXN56RVUJWPhbgP2GKb/Y7mrsHM7EProqVXlO/EMsA=="
      },
      "HarfBuzzSharp.NativeAssets.Win32": {
        "type": "Transitive",
        "resolved": "7.3.0.2",
        "contentHash": "DpF9JBzwws2dupOLnjME65hxQWWbN/GD40AoTkwB4S05WANvxo3n81AnQJKxWDCnrWfWhLPB36OF27TvEqzb/A=="
      },
      "SkiaSharp.NativeAssets.Linux": {
        "type": "Transitive",
        "resolved": "2.88.8",
        "contentHash": "0FO6YA7paNFBMJULvEyecPmCvL9/STvOAi5VOUw2srqJ7pNTbiiZkfl7sulAzcumbWgfzaVjRXYTgMj7SoUnWQ==",
        "dependencies": {
          "SkiaSharp": "2.88.8"
        }
      },
      "SkiaSharp.NativeAssets.macOS": {
        "type": "Transitive",
        "resolved": "2.88.8",
        "contentHash": "6Kn5TSkKlfyS6azWHF3Jk2sW5C4jCE5uSshM/5AbfFrR+5n6qM5XEnz9h4VaVl7LTxBvHvMkuPb/3bpbq0vxTw=="
      },
      "SkiaSharp.NativeAssets.Win32": {
        "type": "Transitive",
        "resolved": "2.88.8",
        "contentHash": "O9QXoWEXA+6cweR4h3BOnwMz+pO9vL9mXdjLrpDd0w1QzCgWmLQBxa1VgySDITiH7nQndrDG1h6937zm9pLj1Q=="
      }
    },
    "net8.0/osx-x64": {
      "Libuv": {
        "type": "Direct",
        "requested": "[1.10.0, )",
        "resolved": "1.10.0",
        "contentHash": "GsCf4q+eyaI49rCPlgYxdxa1SQCysXFFdSJWdstrwxytg4+VPYLYrXD4AT2rjHVJ+UF7SSWX9CapWEYaU4ejVQ==",
        "dependencies": {
          "Microsoft.NETCore.Platforms": "1.0.1"
        }
      },
      "Avalonia.Angle.Windows.Natives": {
        "type": "Transitive",
        "resolved": "2.1.22045.20230930",
        "contentHash": "Bo3qOhKC1b84BIhiogndMdAzB3UrrESKK7hS769f5HWeoMw/pcd42US5KFYW2JJ4ZSTrXnP8mXwLTMzh+S+9Lg=="
      },
      "Avalonia.Native": {
        "type": "Transitive",
        "resolved": "11.2.0",
        "contentHash": "u1ABzlIAVsBebou9PSRT1FifvpQi6vnG0ktU1KWvwG0Vwo6BhYREamISaPGAK25qx6SkwL1S4AYuhJ3IYgYvkA==",
        "dependencies": {
          "Avalonia": "11.2.0"
        }
      },
      "HarfBuzzSharp.NativeAssets.Linux": {
        "type": "Transitive",
        "resolved": "7.3.0.2",
        "contentHash": "aKa5J1RqjXKAtdcZJp5wjC78klfBIzJHM6CneN76lFmQ9LLRJA9Oa0TkIDaV8lVLDKMAy5fCKHXFlXUK1YfL/g==",
        "dependencies": {
          "HarfBuzzSharp": "7.3.0.2"
        }
      },
      "HarfBuzzSharp.NativeAssets.macOS": {
        "type": "Transitive",
        "resolved": "7.3.0.2",
        "contentHash": "nycYH/WLJ6ogm+I+QSFCdPJsdxSb5GANWYbQyp1vsd/KjXN56RVUJWPhbgP2GKb/Y7mrsHM7EProqVXlO/EMsA=="
      },
      "HarfBuzzSharp.NativeAssets.Win32": {
        "type": "Transitive",
        "resolved": "7.3.0.2",
        "contentHash": "DpF9JBzwws2dupOLnjME65hxQWWbN/GD40AoTkwB4S05WANvxo3n81AnQJKxWDCnrWfWhLPB36OF27TvEqzb/A=="
      },
      "SkiaSharp.NativeAssets.Linux": {
        "type": "Transitive",
        "resolved": "2.88.8",
        "contentHash": "0FO6YA7paNFBMJULvEyecPmCvL9/STvOAi5VOUw2srqJ7pNTbiiZkfl7sulAzcumbWgfzaVjRXYTgMj7SoUnWQ==",
        "dependencies": {
          "SkiaSharp": "2.88.8"
        }
      },
      "SkiaSharp.NativeAssets.macOS": {
        "type": "Transitive",
        "resolved": "2.88.8",
        "contentHash": "6Kn5TSkKlfyS6azWHF3Jk2sW5C4jCE5uSshM/5AbfFrR+5n6qM5XEnz9h4VaVl7LTxBvHvMkuPb/3bpbq0vxTw=="
      },
      "SkiaSharp.NativeAssets.Win32": {
        "type": "Transitive",
        "resolved": "2.88.8",
        "contentHash": "O9QXoWEXA+6cweR4h3BOnwMz+pO9vL9mXdjLrpDd0w1QzCgWmLQBxa1VgySDITiH7nQndrDG1h6937zm9pLj1Q=="
      }
    },
    "net8.0/win-x64": {
      "Libuv": {
        "type": "Direct",
        "requested": "[1.10.0, )",
        "resolved": "1.10.0",
        "contentHash": "GsCf4q+eyaI49rCPlgYxdxa1SQCysXFFdSJWdstrwxytg4+VPYLYrXD4AT2rjHVJ+UF7SSWX9CapWEYaU4ejVQ==",
        "dependencies": {
          "Microsoft.NETCore.Platforms": "1.0.1"
        }
      },
      "Avalonia.Angle.Windows.Natives": {
        "type": "Transitive",
        "resolved": "2.1.22045.20230930",
        "contentHash": "Bo3qOhKC1b84BIhiogndMdAzB3UrrESKK7hS769f5HWeoMw/pcd42US5KFYW2JJ4ZSTrXnP8mXwLTMzh+S+9Lg=="
      },
      "Avalonia.Native": {
        "type": "Transitive",
        "resolved": "11.2.0",
        "contentHash": "u1ABzlIAVsBebou9PSRT1FifvpQi6vnG0ktU1KWvwG0Vwo6BhYREamISaPGAK25qx6SkwL1S4AYuhJ3IYgYvkA==",
        "dependencies": {
          "Avalonia": "11.2.0"
        }
      },
      "HarfBuzzSharp.NativeAssets.Linux": {
        "type": "Transitive",
        "resolved": "7.3.0.2",
        "contentHash": "aKa5J1RqjXKAtdcZJp5wjC78klfBIzJHM6CneN76lFmQ9LLRJA9Oa0TkIDaV8lVLDKMAy5fCKHXFlXUK1YfL/g==",
        "dependencies": {
          "HarfBuzzSharp": "7.3.0.2"
        }
      },
      "HarfBuzzSharp.NativeAssets.macOS": {
        "type": "Transitive",
        "resolved": "7.3.0.2",
        "contentHash": "nycYH/WLJ6ogm+I+QSFCdPJsdxSb5GANWYbQyp1vsd/KjXN56RVUJWPhbgP2GKb/Y7mrsHM7EProqVXlO/EMsA=="
      },
      "HarfBuzzSharp.NativeAssets.Win32": {
        "type": "Transitive",
        "resolved": "7.3.0.2",
        "contentHash": "DpF9JBzwws2dupOLnjME65hxQWWbN/GD40AoTkwB4S05WANvxo3n81AnQJKxWDCnrWfWhLPB36OF27TvEqzb/A=="
      },
      "SkiaSharp.NativeAssets.Linux": {
        "type": "Transitive",
        "resolved": "2.88.8",
        "contentHash": "0FO6YA7paNFBMJULvEyecPmCvL9/STvOAi5VOUw2srqJ7pNTbiiZkfl7sulAzcumbWgfzaVjRXYTgMj7SoUnWQ==",
        "dependencies": {
          "SkiaSharp": "2.88.8"
        }
      },
      "SkiaSharp.NativeAssets.macOS": {
        "type": "Transitive",
        "resolved": "2.88.8",
        "contentHash": "6Kn5TSkKlfyS6azWHF3Jk2sW5C4jCE5uSshM/5AbfFrR+5n6qM5XEnz9h4VaVl7LTxBvHvMkuPb/3bpbq0vxTw=="
      },
      "SkiaSharp.NativeAssets.Win32": {
        "type": "Transitive",
        "resolved": "2.88.8",
        "contentHash": "O9QXoWEXA+6cweR4h3BOnwMz+pO9vL9mXdjLrpDd0w1QzCgWmLQBxa1VgySDITiH7nQndrDG1h6937zm9pLj1Q=="
      }
    }
  }
}