{
  "version": 1,
  "dependencies": {
    "net8.0": {
      "Avalonia": {
        "type": "Direct",
        "requested": "[11.1.2, )",
        "resolved": "11.1.2",
        "contentHash": "miSiFsbGqk+EXaaaeJd05Liw4MIhxxJPo52xqAcDgpjkgPySd8sn5apY8QWny9jRULxQFywEINSXLY9XY6s6ag==",
        "dependencies": {
          "Avalonia.BuildServices": "0.0.29",
          "Avalonia.Remote.Protocol": "11.1.2",
          "MicroCom.Runtime": "0.11.0"
        }
      },
      "Avalonia.Desktop": {
        "type": "Direct",
        "requested": "[11.1.2, )",
        "resolved": "11.1.2",
        "contentHash": "1qhDwY1Ks3HSh6QyXcQQnESkFL73Wz8hTOvGpdB4O+c7kDzsT/Mnks9qsdGBXIhzfd7QkHCVc1qqNZGqFrY79w==",
        "dependencies": {
          "Avalonia": "11.1.2",
          "Avalonia.Native": "11.1.2",
          "Avalonia.Skia": "11.1.2",
          "Avalonia.Win32": "11.1.2",
          "Avalonia.X11": "11.1.2"
        }
      },
      "Avalonia.Diagnostics": {
        "type": "Direct",
        "requested": "[11.1.2, )",
        "resolved": "11.1.2",
        "contentHash": "WBHOoYH7Qs9u/YCbcEBTUqCIZ0Jt6ViSHiImpeiF7/YOLjT11Ck9fCUVzUV9r9sH/JOdn16sN5szXClFs8nHxw==",
        "dependencies": {
          "Avalonia": "11.1.2",
          "Avalonia.Controls.ColorPicker": "11.1.2",
          "Avalonia.Controls.DataGrid": "11.1.2",
          "Avalonia.Themes.Simple": "11.1.2"
        }
      },
      "Avalonia.Fonts.Inter": {
        "type": "Direct",
        "requested": "[11.1.2, )",
        "resolved": "11.1.2",
        "contentHash": "Xjvys7cKj1b2S5n+9NSpTZ7EuY1eJD7o9yEpTyRk9eTHNcsHWmnVtbK61aODHhjWkb9fr3S+CzhMRLZ/lAtK/Q==",
        "dependencies": {
          "Avalonia": "11.1.2"
        }
      },
      "Avalonia.ReactiveUI": {
        "type": "Direct",
        "requested": "[11.1.2, )",
        "resolved": "11.1.2",
        "contentHash": "RahpPtQF0hwLiF3bCIG8gI+sXOUi69pDbsfHSYxCrmAEYngPsG53nICTHqNYRwv9X/HnDY1Gdg4EcyPnlwadwA==",
        "dependencies": {
          "Avalonia": "11.1.2",
          "ReactiveUI": "18.3.1",
          "System.Reactive": "5.0.0"
        }
      },
      "Avalonia.Svg.Skia": {
        "type": "Direct",
        "requested": "[11.1.0, )",
        "resolved": "11.1.0",
        "contentHash": "zon8QD0u2hd4XEjyki1y9MXV02qrbK7u3cCfUikGB7iamLaCRos/aLFLDDDV2DbdwbVADI/Ovjm0ngi7wZjXAQ==",
        "dependencies": {
          "Avalonia": "11.1.0",
          "Avalonia.Skia": "11.1.0",
          "SkiaSharp": "2.88.8",
          "Svg.Skia": "2.0.0"
        }
      },
      "Avalonia.Themes.Fluent": {
        "type": "Direct",
        "requested": "[11.1.2, )",
        "resolved": "11.1.2",
        "contentHash": "5uVkoxr3hnmQPV9h9RTslSdi1ApPgymu/ngFvgYxqLzW3PwTjkGtVBRb46mgCXpoitvbffRWQPU8ALd3uoBGuQ==",
        "dependencies": {
          "Avalonia": "11.1.2"
        }
      },
      "Libuv": {
        "type": "Direct",
        "requested": "[1.10.0, )",
        "resolved": "1.10.0",
        "contentHash": "GsCf4q+eyaI49rCPlgYxdxa1SQCysXFFdSJWdstrwxytg4+VPYLYrXD4AT2rjHVJ+UF7SSWX9CapWEYaU4ejVQ==",
        "dependencies": {
          "Microsoft.NETCore.Platforms": "1.0.1"
        }
      },
      "Material.Icons.Avalonia": {
        "type": "Direct",
        "requested": "[2.1.10, )",
        "resolved": "2.1.10",
        "contentHash": "dclTtNbnoLonYK/YI2vgYvOmLeqw08xHxL+ExOSGZEMJKt6k3F6SDmJ41tByOxgXAd+nIDh8V9FqC0FQSEp/CQ==",
        "dependencies": {
          "Avalonia": "11.0.0-rc1.1",
          "Material.Icons": "2.1.10"
        }
      },
      "ReactiveUI.Fody": {
        "type": "Direct",
        "requested": "[19.5.41, )",
        "resolved": "19.5.41",
        "contentHash": "bh6OH1WsSHf/ryUVaPnI6LWl1+lrCvq4L/AoHpzPXCKxtR4p0ogPVONnkq0jYgSQ55x7YNCVkthBKeb6uUSbpg==",
        "dependencies": {
          "Fody": "6.8.0",
          "ReactiveUI": "19.5.41"
        }
      },
      "Serilog": {
        "type": "Direct",
        "requested": "[4.0.1, )",
        "resolved": "4.0.1",
        "contentHash": "pzeDRXdpSLSsgBHpZcmpIDxqMy845Ab4s+dfnBg0sN9h8q/4Wo3vAoe0QCGPze1Q06EVtEPupS+UvLm8iXQmTQ=="
      },
      "Serilog.Sinks.Console": {
        "type": "Direct",
        "requested": "[6.0.0, )",
        "resolved": "6.0.0",
        "contentHash": "fQGWqVMClCP2yEyTXPIinSr5c+CBGUvBybPxjAGcf7ctDhadFhrQw03Mv8rJ07/wR5PDfFjewf2LimvXCDzpbA==",
        "dependencies": {
          "Serilog": "4.0.0"
        }
      },
      "YamlDotNet": {
        "type": "Direct",
        "requested": "[16.0.0, )",
        "resolved": "16.0.0",
        "contentHash": "kZ4jR5ltFhnjaUqK9x81zXRIUTH4PTXTTEmJDNQdkDLQhcv+2Nl19r0dCSvPW1mstOYBfXTnjdieRbUO6gHMDw=="
      },
      "ZstdSharp.Port": {
        "type": "Direct",
        "requested": "[0.8.1, )",
        "resolved": "0.8.1",
        "contentHash": "19tNz33kn2EkyViFXuxfVn338UJaRmkwBphVqP2dVJIYQUQgFrgG5h061mxkRRg1Ax6r+6WOj1FxaFZ5qaWqqg=="
      },
      "Avalonia.Angle.Windows.Natives": {
        "type": "Transitive",
        "resolved": "2.1.22045.20230930",
        "contentHash": "Bo3qOhKC1b84BIhiogndMdAzB3UrrESKK7hS769f5HWeoMw/pcd42US5KFYW2JJ4ZSTrXnP8mXwLTMzh+S+9Lg=="
      },
      "Avalonia.BuildServices": {
        "type": "Transitive",
        "resolved": "0.0.29",
        "contentHash": "U4eJLQdoDNHXtEba7MZUCwrBErBTxFp6sUewXBOdAhU0Kwzwaa/EKFcYm8kpcysjzKtfB4S0S9n0uxKZFz/ikw=="
      },
      "Avalonia.Controls.ColorPicker": {
        "type": "Transitive",
        "resolved": "11.1.2",
        "contentHash": "SKv5jRBrjJWE5wLNgOk980WKcYitflWbnUtK3xgP8WA3BqZD+DoMSMDgpV846oC6Kb3w2twSmnT2Gu+h4bX1Sw==",
        "dependencies": {
          "Avalonia": "11.1.2",
          "Avalonia.Remote.Protocol": "11.1.2"
        }
      },
      "Avalonia.Controls.DataGrid": {
        "type": "Transitive",
        "resolved": "11.1.2",
        "contentHash": "YLD3bMrO3VcMX6vE+1m4cNGSg0QBgy7NJYqBCXwwHCV5z8gtIrjB29+nh6vB6q6NZgxHT5wVZUOK/aYyYIiCzQ==",
        "dependencies": {
          "Avalonia": "11.1.2",
          "Avalonia.Remote.Protocol": "11.1.2"
        }
      },
      "Avalonia.FreeDesktop": {
        "type": "Transitive",
        "resolved": "11.1.2",
        "contentHash": "yK+VkvmP2YjgfYQI5zBoeZTrlyw34ltONw5qe8Me16ODo/NRDywte7sm/7jFzd6Cbz6tJZNGUQnEvl2LYBQmyQ==",
        "dependencies": {
          "Avalonia": "11.1.2",
          "Tmds.DBus.Protocol": "0.16.0"
        }
      },
      "Avalonia.Native": {
        "type": "Transitive",
        "resolved": "11.1.2",
        "contentHash": "KYGSFTPG+bBGs4XfF/v5LJ5fEk2BKZZ54xZe3tsYEMERbZkq/DC7gBtGPo/gVOuAFVi8xl8D5EY4AlgqgHCkaQ==",
        "dependencies": {
          "Avalonia": "11.1.2"
        }
      },
      "Avalonia.Remote.Protocol": {
        "type": "Transitive",
        "resolved": "11.1.2",
        "contentHash": "LfuvlRM2KDcfEnyWaSrsCdVpxV+VdOV54f5VimlXh+GZ1b4pm4FJ5z/K2DiIIdLyG0tPh9D27A2LM/9FVnScwg=="
      },
      "Avalonia.Skia": {
        "type": "Transitive",
        "resolved": "11.1.2",
        "contentHash": "fseDhCzGk+jFwRmgAJfmSZ7edmV2ErThMuSYwgqgLxI4QapR4Qgj1TBKp5yKmW722bm8Xz8yD2nGE/Q6aDvfPw==",
        "dependencies": {
          "Avalonia": "11.1.2",
          "HarfBuzzSharp": "7.3.0.2",
          "HarfBuzzSharp.NativeAssets.Linux": "7.3.0.2",
          "HarfBuzzSharp.NativeAssets.WebAssembly": "7.3.0.2",
          "SkiaSharp": "2.88.8",
          "SkiaSharp.NativeAssets.Linux": "2.88.8",
          "SkiaSharp.NativeAssets.WebAssembly": "2.88.8"
        }
      },
      "Avalonia.Themes.Simple": {
        "type": "Transitive",
        "resolved": "11.1.2",
        "contentHash": "i/1niiz3gry7vfc0wECnnBdZkn2DJyAq/UGZrdRSncnApCdrRk/AzLsPeLIMrpsnH8bK8S+ajLR5UrdX6BAXsg==",
        "dependencies": {
          "Avalonia": "11.1.2"
        }
      },
      "Avalonia.Win32": {
        "type": "Transitive",
        "resolved": "11.1.2",
        "contentHash": "I0kCExzwiPAEs2czf8Cm2GZo2qNaCYYISgLvkQzGALK2CzQDBdDquUlVdFVrlbFTNaWN/iWvPKwK7cvji+2l/w==",
        "dependencies": {
          "Avalonia": "11.1.2",
          "Avalonia.Angle.Windows.Natives": "2.1.22045.20230930",
          "System.Numerics.Vectors": "4.5.0"
        }
      },
      "Avalonia.X11": {
        "type": "Transitive",
        "resolved": "11.1.2",
        "contentHash": "sVr3Pn46w8qffuD5UEgER6DjbPs4fqBlW8V6Rqr075oWGRJKtGSJmS4KM3LvyCadf+RpkCzRNLxgkMDQg/S8pw==",
        "dependencies": {
          "Avalonia": "11.1.2",
          "Avalonia.FreeDesktop": "11.1.2",
          "Avalonia.Skia": "11.1.2"
        }
      },
      "DynamicData": {
        "type": "Transitive",
        "resolved": "8.3.27",
        "contentHash": "m5PGnTbFCE04xrH3peeNtiHrXJM5Vxk6Sy9bwXm8ahZ+/ZavqYb8XstBD1GFqcU7g6f8YD3zPcI7XkkW3Y1Ang==",
        "dependencies": {
          "System.Reactive": "6.0.0"
        }
      },
      "ExCSS": {
        "type": "Transitive",
        "resolved": "4.2.3",
        "contentHash": "SyeAfu2wL5247sipJoPUzQfjiwQtfSd8hN4IbgoyVcDx4PP6Dud4znwPRibWQzLtTlUxYYcbf5f4p+EfFC7KtQ=="
      },
      "Fody": {
        "type": "Transitive",
        "resolved": "6.8.0",
        "contentHash": "hfZ/f8Mezt8aTkgv9nsvFdYoQ809/AqwsJlOGOPYIfBcG2aAIG3v3ex9d8ZqQuFYyMoucjRg4eKy3VleeGodKQ=="
      },
      "HarfBuzzSharp": {
        "type": "Transitive",
        "resolved": "7.3.0.2",
        "contentHash": "0tCd6HyCmNsX/DniCp2b00fo0xPbdNwKOs9BxxyT8oOOuMlWjcSFwzONKyeckCKVBFEsbSmsAHPDTqxoSDwZMg==",
        "dependencies": {
          "HarfBuzzSharp.NativeAssets.Win32": "7.3.0.2",
          "HarfBuzzSharp.NativeAssets.macOS": "7.3.0.2"
        }
      },
      "HarfBuzzSharp.NativeAssets.Linux": {
        "type": "Transitive",
        "resolved": "7.3.0.2",
        "contentHash": "aKa5J1RqjXKAtdcZJp5wjC78klfBIzJHM6CneN76lFmQ9LLRJA9Oa0TkIDaV8lVLDKMAy5fCKHXFlXUK1YfL/g==",
        "dependencies": {
          "HarfBuzzSharp": "7.3.0.2"
        }
      },
      "HarfBuzzSharp.NativeAssets.macOS": {
        "type": "Transitive",
        "resolved": "7.3.0.2",
        "contentHash": "nycYH/WLJ6ogm+I+QSFCdPJsdxSb5GANWYbQyp1vsd/KjXN56RVUJWPhbgP2GKb/Y7mrsHM7EProqVXlO/EMsA=="
      },
      "HarfBuzzSharp.NativeAssets.WebAssembly": {
        "type": "Transitive",
        "resolved": "7.3.0.2",
        "contentHash": "pR6H16NOAjIhfXomYsgN5anGbOHSfIA8z0RoWEVx8vgLySxz9Jie4DnQ/paWTh5MTtBC8XKkTUI7uKMXcq/Pxw=="
      },
      "HarfBuzzSharp.NativeAssets.Win32": {
        "type": "Transitive",
        "resolved": "7.3.0.2",
        "contentHash": "DpF9JBzwws2dupOLnjME65hxQWWbN/GD40AoTkwB4S05WANvxo3n81AnQJKxWDCnrWfWhLPB36OF27TvEqzb/A=="
      },
      "Material.Icons": {
        "type": "Transitive",
        "resolved": "2.1.10",
        "contentHash": "nQnLAoVb9lgxWd4OtDADPVzBxERB9UYQd0UWcrqjg0NKFf8oPMuDM2kkxpBKe/Wm6Ayx3C/t3j2+8R1Nscg0Kw=="
      },
      "MicroCom.Runtime": {
        "type": "Transitive",
        "resolved": "0.11.0",
        "contentHash": "MEnrZ3UIiH40hjzMDsxrTyi8dtqB5ziv3iBeeU4bXsL/7NLSal9F1lZKpK+tfBRnUoDSdtcW3KufE4yhATOMCA=="
      },
      "Microsoft.NETCore.Platforms": {
        "type": "Transitive",
        "resolved": "1.0.1",
        "contentHash": "2G6OjjJzwBfNOO8myRV/nFrbTw5iA+DEm0N+qUqhrOmaVtn4pC77h38I1jsXGw5VH55+dPfQsqHD0We9sCl9FQ=="
      },
      "ReactiveUI": {
        "type": "Transitive",
        "resolved": "19.5.41",
        "contentHash": "qusIoJHhzNFm/Ei52wwesy15le/NAMWm40UOz2boaWcBntqOJJPR6YucDUibHNo5v9opNP7ZCAMa+w3rzX6AIw==",
        "dependencies": {
          "DynamicData": "8.3.27",
          "Splat": "14.8.12",
          "System.ComponentModel.Annotations": "5.0.0",
          "System.Text.Json": "8.0.0"
        }
      },
      "ShimSkiaSharp": {
        "type": "Transitive",
        "resolved": "2.0.0",
        "contentHash": "J+nzTe97Q19rzbCbTA8r6l1T89JP+XjMhaAOEHoE9FG7RiI/OkCuBY5JPlzNZoUYFXG3fBwlTMetPMkSCV8Kmw=="
      },
      "SkiaSharp": {
        "type": "Transitive",
        "resolved": "2.88.8",
        "contentHash": "bRkp3uKp5ZI8gXYQT57uKwil1uobb2p8c69n7v5evlB/2JNcMAXVcw9DZAP5Ig3WSvgzGm2YSn27UVeOi05NlA==",
        "dependencies": {
          "SkiaSharp.NativeAssets.Win32": "2.88.8",
          "SkiaSharp.NativeAssets.macOS": "2.88.8"
        }
      },
      "SkiaSharp.HarfBuzz": {
        "type": "Transitive",
        "resolved": "2.88.8",
        "contentHash": "ajSyJ2D17R0kZ4FwKwFrJTsYs3D3Y9iRBLhNecROR7dOxC6VTFaMPXJuwQB8KYpAqgmb2JAJFEgZ3i8MaaIw1g==",
        "dependencies": {
          "HarfBuzzSharp": "7.3.0.2",
          "SkiaSharp": "2.88.8"
        }
      },
      "SkiaSharp.NativeAssets.Linux": {
        "type": "Transitive",
        "resolved": "2.88.8",
        "contentHash": "0FO6YA7paNFBMJULvEyecPmCvL9/STvOAi5VOUw2srqJ7pNTbiiZkfl7sulAzcumbWgfzaVjRXYTgMj7SoUnWQ==",
        "dependencies": {
          "SkiaSharp": "2.88.8"
        }
      },
      "SkiaSharp.NativeAssets.macOS": {
        "type": "Transitive",
        "resolved": "2.88.8",
        "contentHash": "6Kn5TSkKlfyS6azWHF3Jk2sW5C4jCE5uSshM/5AbfFrR+5n6qM5XEnz9h4VaVl7LTxBvHvMkuPb/3bpbq0vxTw=="
      },
      "SkiaSharp.NativeAssets.WebAssembly": {
        "type": "Transitive",
        "resolved": "2.88.8",
        "contentHash": "S3qRo8c+gVYOyfrdf6FYnjx/ft+gPkb4dNY2IPv5Oy5yNBhDhXhKqHFr9h4+ne6ZU+7D4dbuRQqsIqCo8u1/DA=="
      },
      "SkiaSharp.NativeAssets.Win32": {
        "type": "Transitive",
        "resolved": "2.88.8",
        "contentHash": "O9QXoWEXA+6cweR4h3BOnwMz+pO9vL9mXdjLrpDd0w1QzCgWmLQBxa1VgySDITiH7nQndrDG1h6937zm9pLj1Q=="
      },
      "Splat": {
        "type": "Transitive",
        "resolved": "14.8.12",
        "contentHash": "7dTp+hgC2CS4DqjHtgkeS7hsECbpD09ukGwxL63HVM/aih9zseIaIjWhS6sQWlWw5GDvli8bVMHeZ1dekgmuvQ=="
      },
      "Svg.Custom": {
        "type": "Transitive",
        "resolved": "2.0.0",
        "contentHash": "YqPAdGu00Aru+VvO4BIKOSVWK+z8vciBhBtG6RSWL+wuIhhIM6OU9fw7bN1vti/oTWwfvaUmh0EKWxHKzzaotA==",
        "dependencies": {
          "ExCSS": "4.2.3"
        }
      },
      "Svg.Model": {
        "type": "Transitive",
        "resolved": "2.0.0",
        "contentHash": "YwdGhay2Wh2sc0WcoYlgiliajsf3utZMEXbm1Wu9LLpLk2rRVSA187p+xGs8pn2GYwLrjfBLWBevXTB4kxrzDg==",
        "dependencies": {
          "ShimSkiaSharp": "2.0.0",
          "Svg.Custom": "2.0.0"
        }
      },
      "Svg.Skia": {
        "type": "Transitive",
        "resolved": "2.0.0",
        "contentHash": "zNYVxfpBmeW2BkzmgEl7gL8hhr//Bwub3dJs+uGjsUIO15bVl9DvHq3wx+G70NPjpgUg+t5zfseliMKGFy3YNw==",
        "dependencies": {
          "SkiaSharp": "2.88.8",
          "SkiaSharp.HarfBuzz": "2.88.8",
          "Svg.Custom": "2.0.0",
          "Svg.Model": "2.0.0"
        }
      },
      "System.ComponentModel.Annotations": {
        "type": "Transitive",
        "resolved": "5.0.0",
        "contentHash": "dMkqfy2el8A8/I76n2Hi1oBFEbG1SfxD2l5nhwXV3XjlnOmwxJlQbYpJH4W51odnU9sARCSAgv7S3CyAFMkpYg=="
      },
      "System.IO.Pipelines": {
        "type": "Transitive",
        "resolved": "6.0.0",
        "contentHash": "mXX66shZ4xLlI3vNLaJ0lt8OIZdmXTvIqXRdQX5HLVGSkLhINLsVhyZuX2UdRFnOGkqnwmMUs40pIIQ7mna4+A=="
      },
      "System.Numerics.Vectors": {
        "type": "Transitive",
        "resolved": "4.5.0",
        "contentHash": "QQTlPTl06J/iiDbJCiepZ4H//BVraReU4O4EoRw1U02H5TLUIT7xn3GnDp9AXPSlJUDyFs4uWjWafNX6WrAojQ=="
      },
      "System.Reactive": {
        "type": "Transitive",
        "resolved": "6.0.0",
        "contentHash": "31kfaW4ZupZzPsI5PVe77VhnvFF55qgma7KZr/E0iFTs6fmdhhG8j0mgEx620iLTey1EynOkEfnyTjtNEpJzGw=="
      },
      "System.Text.Encodings.Web": {
        "type": "Transitive",
        "resolved": "8.0.0",
        "contentHash": "yev/k9GHAEGx2Rg3/tU6MQh4HGBXJs70y7j1LaM1i/ER9po+6nnQ6RRqTJn1E7Xu0fbIFK80Nh5EoODxrbxwBQ=="
      },
      "System.Text.Json": {
        "type": "Transitive",
        "resolved": "8.0.0",
        "contentHash": "OdrZO2WjkiEG6ajEFRABTRCi/wuXQPxeV6g8xvUJqdxMvvuCCEk86zPla8UiIQJz3durtUEbNyY/3lIhS0yZvQ==",
        "dependencies": {
          "System.Text.Encodings.Web": "8.0.0"
        }
      },
      "Tmds.DBus.Protocol": {
        "type": "Transitive",
        "resolved": "0.16.0",
        "contentHash": "9Ne9AvrRWrDQvzbMcbTz3EaGRE1vQmkeeu0Xp7Ii0Wdlhwfjst8FDRas+RBslU5kdPWs2aeMLErzyT1DwH9zeA==",
        "dependencies": {
          "System.IO.Pipelines": "6.0.0"
        }
      }
    },
    "net8.0/linux-x64": {
      "Libuv": {
        "type": "Direct",
        "requested": "[1.10.0, )",
        "resolved": "1.10.0",
        "contentHash": "GsCf4q+eyaI49rCPlgYxdxa1SQCysXFFdSJWdstrwxytg4+VPYLYrXD4AT2rjHVJ+UF7SSWX9CapWEYaU4ejVQ==",
        "dependencies": {
          "Microsoft.NETCore.Platforms": "1.0.1"
        }
      },
      "Avalonia.Angle.Windows.Natives": {
        "type": "Transitive",
        "resolved": "2.1.22045.20230930",
        "contentHash": "Bo3qOhKC1b84BIhiogndMdAzB3UrrESKK7hS769f5HWeoMw/pcd42US5KFYW2JJ4ZSTrXnP8mXwLTMzh+S+9Lg=="
      },
      "Avalonia.Native": {
        "type": "Transitive",
        "resolved": "11.1.2",
        "contentHash": "KYGSFTPG+bBGs4XfF/v5LJ5fEk2BKZZ54xZe3tsYEMERbZkq/DC7gBtGPo/gVOuAFVi8xl8D5EY4AlgqgHCkaQ==",
        "dependencies": {
          "Avalonia": "11.1.2"
        }
      },
      "HarfBuzzSharp.NativeAssets.Linux": {
        "type": "Transitive",
        "resolved": "7.3.0.2",
        "contentHash": "aKa5J1RqjXKAtdcZJp5wjC78klfBIzJHM6CneN76lFmQ9LLRJA9Oa0TkIDaV8lVLDKMAy5fCKHXFlXUK1YfL/g==",
        "dependencies": {
          "HarfBuzzSharp": "7.3.0.2"
        }
      },
      "HarfBuzzSharp.NativeAssets.macOS": {
        "type": "Transitive",
        "resolved": "7.3.0.2",
        "contentHash": "nycYH/WLJ6ogm+I+QSFCdPJsdxSb5GANWYbQyp1vsd/KjXN56RVUJWPhbgP2GKb/Y7mrsHM7EProqVXlO/EMsA=="
      },
      "HarfBuzzSharp.NativeAssets.Win32": {
        "type": "Transitive",
        "resolved": "7.3.0.2",
        "contentHash": "DpF9JBzwws2dupOLnjME65hxQWWbN/GD40AoTkwB4S05WANvxo3n81AnQJKxWDCnrWfWhLPB36OF27TvEqzb/A=="
      },
      "SkiaSharp.NativeAssets.Linux": {
        "type": "Transitive",
        "resolved": "2.88.8",
        "contentHash": "0FO6YA7paNFBMJULvEyecPmCvL9/STvOAi5VOUw2srqJ7pNTbiiZkfl7sulAzcumbWgfzaVjRXYTgMj7SoUnWQ==",
        "dependencies": {
          "SkiaSharp": "2.88.8"
        }
      },
      "SkiaSharp.NativeAssets.macOS": {
        "type": "Transitive",
        "resolved": "2.88.8",
        "contentHash": "6Kn5TSkKlfyS6azWHF3Jk2sW5C4jCE5uSshM/5AbfFrR+5n6qM5XEnz9h4VaVl7LTxBvHvMkuPb/3bpbq0vxTw=="
      },
      "SkiaSharp.NativeAssets.Win32": {
        "type": "Transitive",
        "resolved": "2.88.8",
        "contentHash": "O9QXoWEXA+6cweR4h3BOnwMz+pO9vL9mXdjLrpDd0w1QzCgWmLQBxa1VgySDITiH7nQndrDG1h6937zm9pLj1Q=="
      },
      "System.Text.Encodings.Web": {
        "type": "Transitive",
        "resolved": "8.0.0",
        "contentHash": "yev/k9GHAEGx2Rg3/tU6MQh4HGBXJs70y7j1LaM1i/ER9po+6nnQ6RRqTJn1E7Xu0fbIFK80Nh5EoODxrbxwBQ=="
      }
    },
    "net8.0/win-x64": {
      "Libuv": {
        "type": "Direct",
        "requested": "[1.10.0, )",
        "resolved": "1.10.0",
        "contentHash": "GsCf4q+eyaI49rCPlgYxdxa1SQCysXFFdSJWdstrwxytg4+VPYLYrXD4AT2rjHVJ+UF7SSWX9CapWEYaU4ejVQ==",
        "dependencies": {
          "Microsoft.NETCore.Platforms": "1.0.1"
        }
      },
      "Avalonia.Angle.Windows.Natives": {
        "type": "Transitive",
        "resolved": "2.1.22045.20230930",
        "contentHash": "Bo3qOhKC1b84BIhiogndMdAzB3UrrESKK7hS769f5HWeoMw/pcd42US5KFYW2JJ4ZSTrXnP8mXwLTMzh+S+9Lg=="
      },
      "Avalonia.Native": {
        "type": "Transitive",
        "resolved": "11.1.2",
        "contentHash": "KYGSFTPG+bBGs4XfF/v5LJ5fEk2BKZZ54xZe3tsYEMERbZkq/DC7gBtGPo/gVOuAFVi8xl8D5EY4AlgqgHCkaQ==",
        "dependencies": {
          "Avalonia": "11.1.2"
        }
      },
      "HarfBuzzSharp.NativeAssets.Linux": {
        "type": "Transitive",
        "resolved": "7.3.0.2",
        "contentHash": "aKa5J1RqjXKAtdcZJp5wjC78klfBIzJHM6CneN76lFmQ9LLRJA9Oa0TkIDaV8lVLDKMAy5fCKHXFlXUK1YfL/g==",
        "dependencies": {
          "HarfBuzzSharp": "7.3.0.2"
        }
      },
      "HarfBuzzSharp.NativeAssets.macOS": {
        "type": "Transitive",
        "resolved": "7.3.0.2",
        "contentHash": "nycYH/WLJ6ogm+I+QSFCdPJsdxSb5GANWYbQyp1vsd/KjXN56RVUJWPhbgP2GKb/Y7mrsHM7EProqVXlO/EMsA=="
      },
      "HarfBuzzSharp.NativeAssets.Win32": {
        "type": "Transitive",
        "resolved": "7.3.0.2",
        "contentHash": "DpF9JBzwws2dupOLnjME65hxQWWbN/GD40AoTkwB4S05WANvxo3n81AnQJKxWDCnrWfWhLPB36OF27TvEqzb/A=="
      },
      "SkiaSharp.NativeAssets.Linux": {
        "type": "Transitive",
        "resolved": "2.88.8",
        "contentHash": "0FO6YA7paNFBMJULvEyecPmCvL9/STvOAi5VOUw2srqJ7pNTbiiZkfl7sulAzcumbWgfzaVjRXYTgMj7SoUnWQ==",
        "dependencies": {
          "SkiaSharp": "2.88.8"
        }
      },
      "SkiaSharp.NativeAssets.macOS": {
        "type": "Transitive",
        "resolved": "2.88.8",
        "contentHash": "6Kn5TSkKlfyS6azWHF3Jk2sW5C4jCE5uSshM/5AbfFrR+5n6qM5XEnz9h4VaVl7LTxBvHvMkuPb/3bpbq0vxTw=="
      },
      "SkiaSharp.NativeAssets.Win32": {
        "type": "Transitive",
        "resolved": "2.88.8",
        "contentHash": "O9QXoWEXA+6cweR4h3BOnwMz+pO9vL9mXdjLrpDd0w1QzCgWmLQBxa1VgySDITiH7nQndrDG1h6937zm9pLj1Q=="
      },
      "System.Text.Encodings.Web": {
        "type": "Transitive",
        "resolved": "8.0.0",
        "contentHash": "yev/k9GHAEGx2Rg3/tU6MQh4HGBXJs70y7j1LaM1i/ER9po+6nnQ6RRqTJn1E7Xu0fbIFK80Nh5EoODxrbxwBQ=="
      }
    }
  }
}