{
  "version": 1,
  "dependencies": {
    "net8.0": {
      "coverlet.collector": {
        "type": "Direct",
        "requested": "[6.0.2, )",
        "resolved": "6.0.2",
        "contentHash": "bJShQ6uWRTQ100ZeyiMqcFlhP7WJ+bCuabUs885dJiBEzMsJMSFr7BOyeCw4rgvQokteGi5rKQTlkhfQPUXg2A=="
      },
      "Microsoft.NET.Test.Sdk": {
        "type": "Direct",
        "requested": "[17.10.0, )",
        "resolved": "17.10.0",
        "contentHash": "0/2HeACkaHEYU3wc83YlcD2Fi4LMtECJjqrtvw0lPi9DCEa35zSPt1j4fuvM8NagjDqJuh1Ja35WcRtn1Um6/A==",
        "dependencies": {
          "Microsoft.CodeCoverage": "17.10.0",
          "Microsoft.TestPlatform.TestHost": "17.10.0"
        }
      },
      "NUnit": {
        "type": "Direct",
        "requested": "[4.1.0, )",
        "resolved": "4.1.0",
        "contentHash": "MT/DpAhjtiytzhTgTqIhBuWx4y26PKfDepYUHUM+5uv4TsryHC2jwFo5e6NhWkApCm/G6kZ80dRjdJFuAxq3rg=="
      },
      "NUnit.Analyzers": {
        "type": "Direct",
        "requested": "[4.3.0, )",
        "resolved": "4.3.0",
        "contentHash": "Ki4p1XrmnYil64HE9VkJSuo6KBr8vg7Mut43atYvItDp3HwIcRY5hi+n5o8GaX1IBCwYLaJgW5ZfZuBVPYXEkg=="
      },
      "NUnit3TestAdapter": {
        "type": "Direct",
        "requested": "[4.6.0, )",
        "resolved": "4.6.0",
        "contentHash": "R7e1+a4vuV/YS+ItfL7f//rG+JBvVeVLX4mHzFEZo4W1qEKl8Zz27AqvQSAqo+BtIzUCo4aAJMYa56VXS4hudw=="
      },
      "Avalonia": {
        "type": "Transitive",
        "resolved": "11.0.13",
        "contentHash": "b8P9qb+03TipuUJLVok8sGEPs9wls/DoLbECNX+p1vSsbPu313E2ZRt4pZTnZZ9zak0ZjczMp0UWcoFL/Gpq7A==",
        "dependencies": {
          "Avalonia.BuildServices": "0.0.29",
          "Avalonia.Remote.Protocol": "11.0.13",
          "MicroCom.Runtime": "0.11.0",
          "System.ComponentModel.Annotations": "4.5.0"
        }
      },
      "Avalonia.Angle.Windows.Natives": {
        "type": "Transitive",
        "resolved": "2.1.0.2023020321",
        "contentHash": "Zlkkb8ipxrxNWVPCJgMO19fpcpYPP+bpOQ+jPtCFj8v+TzVvPdnGHuyv9IMvSHhhMfEpps4m4hjaP4FORQYVAA=="
      },
      "Avalonia.BuildServices": {
        "type": "Transitive",
        "resolved": "0.0.29",
        "contentHash": "U4eJLQdoDNHXtEba7MZUCwrBErBTxFp6sUewXBOdAhU0Kwzwaa/EKFcYm8kpcysjzKtfB4S0S9n0uxKZFz/ikw=="
      },
      "Avalonia.Controls.ColorPicker": {
        "type": "Transitive",
        "resolved": "11.0.13",
        "contentHash": "BN1qLsN/CWqzSg2K26FJ9Day+xC8PDvhvTzCEECAeK6JV97MXvvX8Doz5CVFsoVhBMAqRm1gvXF0hTvrD+pwkw==",
        "dependencies": {
          "Avalonia": "11.0.13",
          "Avalonia.Remote.Protocol": "11.0.13"
        }
      },
      "Avalonia.Controls.DataGrid": {
        "type": "Transitive",
        "resolved": "11.0.13",
        "contentHash": "OZoExbWgbw3YyEbnL2J2G7VQcsI73dUppkfngSxQiesYsiGjuRl5O/XscipxF/3IsTEaZylDrvp57jiWSEtjaQ==",
        "dependencies": {
          "Avalonia": "11.0.13",
          "Avalonia.Remote.Protocol": "11.0.13"
        }
      },
      "Avalonia.Desktop": {
        "type": "Transitive",
        "resolved": "11.0.13",
        "contentHash": "Ekd+wv37yk1u4p+xiaGDzA4t03Nf1gut3hnL6U7tnPGvnfd4R//xXlGcfIx603G2VMSwrwlSlnW7fsSpHT3QnQ==",
        "dependencies": {
          "Avalonia": "11.0.13",
          "Avalonia.Native": "11.0.13",
          "Avalonia.Skia": "11.0.13",
          "Avalonia.Win32": "11.0.13",
          "Avalonia.X11": "11.0.13"
        }
      },
      "Avalonia.Diagnostics": {
        "type": "Transitive",
        "resolved": "11.0.13",
        "contentHash": "+o6bo2/2asN5zpvaFOEX3+KzbUsOzDPt8wqFywHd4j7THwdyzM/L3FV2Pi7Ah5LDZGVMKTUHuMruur9KOUwyIg==",
        "dependencies": {
          "Avalonia": "11.0.13",
          "Avalonia.Controls.ColorPicker": "11.0.13",
          "Avalonia.Controls.DataGrid": "11.0.13",
          "Avalonia.Themes.Simple": "11.0.13",
          "Microsoft.CodeAnalysis.CSharp.Scripting": "3.8.0",
          "Microsoft.CodeAnalysis.Common": "3.8.0"
        }
      },
      "Avalonia.Fonts.Inter": {
        "type": "Transitive",
        "resolved": "11.0.13",
        "contentHash": "FVgbG0+wobISuSqFlqKasyMb5OHZ9OgbV5a86gHKPZfO/Ix1gFBk/grHlXWVjq1yvLUK6tcI2SiQpvWoo+pfxQ==",
        "dependencies": {
          "Avalonia": "11.0.13"
        }
      },
      "Avalonia.FreeDesktop": {
        "type": "Transitive",
        "resolved": "11.0.13",
        "contentHash": "FllHAZ8DDCFSqhszVEJTWIWp2CXbXaVw81VQ9ZjAidiqtuA8+JsXstUHP8x5VLgWg4V1U+5g3YnYxslx/jZREw==",
        "dependencies": {
          "Avalonia": "11.0.13",
          "Tmds.DBus.Protocol": "0.15.0"
        }
      },
      "Avalonia.Native": {
        "type": "Transitive",
        "resolved": "11.0.13",
        "contentHash": "E1OJisHMDObdHxJjoyXK968bbWJWWck+PJfL4ue61YsGSJOAoWDRNF3QuffsYmOiJh3QwhghMW+midvO9RUzig==",
        "dependencies": {
          "Avalonia": "11.0.13"
        }
      },
      "Avalonia.ReactiveUI": {
        "type": "Transitive",
        "resolved": "11.0.13",
        "contentHash": "OIwRt7V9pq2GP7SxFLOLyHWGTofu66PnCdqKpmomxg5cz/IGN0WweR7whe/gXQohmdQAWBCV61KiNGDG3IKHvg==",
        "dependencies": {
          "Avalonia": "11.0.13",
          "ReactiveUI": "18.3.1",
          "System.Reactive": "5.0.0"
        }
      },
      "Avalonia.Remote.Protocol": {
        "type": "Transitive",
        "resolved": "11.0.13",
        "contentHash": "xeFCuSPIPy5+590Hno4PGmqT8NBMo5PukGX55fJt07CflaNstmu1D0NcRJHK9hieV1grbVNNv53qfjik0757kQ=="
      },
      "Avalonia.Skia": {
        "type": "Transitive",
        "resolved": "11.0.13",
        "contentHash": "bTkl/QA5xUgTT/GYrL0+Cs1K3A0bye6i9M6K7N8ZeYWFkLcPi4jT3tQ7Bicknn/TyH6JCEEKpxNFquvnBpwwvg==",
        "dependencies": {
          "Avalonia": "11.0.13",
          "HarfBuzzSharp": "7.3.0",
          "HarfBuzzSharp.NativeAssets.Linux": "7.3.0",
          "HarfBuzzSharp.NativeAssets.WebAssembly": "7.3.0",
          "SkiaSharp": "2.88.7",
          "SkiaSharp.NativeAssets.Linux": "2.88.7",
          "SkiaSharp.NativeAssets.WebAssembly": "2.88.7"
        }
      },
      "Avalonia.Svg.Skia": {
        "type": "Transitive",
        "resolved": "11.0.0.19",
        "contentHash": "i6YDbkrj2vGQ1znLmrv4tNVq4BfUdvJDdd6lEJrPxaFj7AxnOi7q+BQYHJyvFFCVfhsJA9QwZLOLntQ3rIWMEQ==",
        "dependencies": {
          "Avalonia": "11.0.0",
          "Avalonia.Skia": "11.0.0",
          "SkiaSharp": "2.88.8",
          "Svg.Skia": "1.0.0.19"
        }
      },
      "Avalonia.Themes.Fluent": {
        "type": "Transitive",
        "resolved": "11.0.13",
        "contentHash": "PyQ+L2Sbxz0MD4ODRo5Jd/LPKFns2g9wrs64s/yQeGmKTUOQVbW3+jXQOU+H5D2rQsgjcVc9O1dZXtzrToZcxg==",
        "dependencies": {
          "Avalonia": "11.0.13"
        }
      },
      "Avalonia.Themes.Simple": {
        "type": "Transitive",
        "resolved": "11.0.13",
        "contentHash": "RqFSWsAP45nRaHhGU57mxF5vUVrIw6Oq0xbKPhvBy8GyYVsc9FZS6bkdDFFh4EhOyeuGTPUEsyMPDe+0OwPWSQ==",
        "dependencies": {
          "Avalonia": "11.0.13"
        }
      },
      "Avalonia.Win32": {
        "type": "Transitive",
        "resolved": "11.0.13",
        "contentHash": "MkutecAjnGR3Miu+phXw0+qFJd52KEaNRPPtrf4wUR0tFP5Y0QbQ5xPtzHAlGiRA5FBcqSnQb/WZLGXeHcWL4w==",
        "dependencies": {
          "Avalonia": "11.0.13",
          "Avalonia.Angle.Windows.Natives": "2.1.0.2023020321",
          "System.Numerics.Vectors": "4.5.0"
        }
      },
      "Avalonia.X11": {
        "type": "Transitive",
        "resolved": "11.0.13",
        "contentHash": "NUy5ZtqoURsLbk71B+sA3PY5PQ0BDE4z9V6HI+AWn7+KN1yOrLCZyBmccPADD37kuPyr6/sYvM4xWTcvOiU1fQ==",
        "dependencies": {
          "Avalonia": "11.0.13",
          "Avalonia.FreeDesktop": "11.0.13",
          "Avalonia.Skia": "11.0.13"
        }
      },
      "DynamicData": {
        "type": "Transitive",
        "resolved": "8.3.27",
        "contentHash": "m5PGnTbFCE04xrH3peeNtiHrXJM5Vxk6Sy9bwXm8ahZ+/ZavqYb8XstBD1GFqcU7g6f8YD3zPcI7XkkW3Y1Ang==",
        "dependencies": {
          "System.Reactive": "6.0.0"
        }
      },
      "ExCSS": {
        "type": "Transitive",
        "resolved": "4.2.3",
        "contentHash": "SyeAfu2wL5247sipJoPUzQfjiwQtfSd8hN4IbgoyVcDx4PP6Dud4znwPRibWQzLtTlUxYYcbf5f4p+EfFC7KtQ=="
      },
      "Fody": {
        "type": "Transitive",
        "resolved": "6.8.0",
        "contentHash": "hfZ/f8Mezt8aTkgv9nsvFdYoQ809/AqwsJlOGOPYIfBcG2aAIG3v3ex9d8ZqQuFYyMoucjRg4eKy3VleeGodKQ=="
      },
      "HarfBuzzSharp": {
        "type": "Transitive",
        "resolved": "7.3.0.2",
        "contentHash": "0tCd6HyCmNsX/DniCp2b00fo0xPbdNwKOs9BxxyT8oOOuMlWjcSFwzONKyeckCKVBFEsbSmsAHPDTqxoSDwZMg==",
        "dependencies": {
          "HarfBuzzSharp.NativeAssets.Win32": "7.3.0.2",
          "HarfBuzzSharp.NativeAssets.macOS": "7.3.0.2"
        }
      },
      "HarfBuzzSharp.NativeAssets.Linux": {
        "type": "Transitive",
        "resolved": "7.3.0",
        "contentHash": "m6F2pEBTN0zTRgQ3caJQRGQkZZizZwHHCbu+rTv+gvwteNBOpqOLD5GE4dB9TFjNNpnyHXtfuMD86JuUra9UvA==",
        "dependencies": {
          "HarfBuzzSharp": "7.3.0"
        }
      },
      "HarfBuzzSharp.NativeAssets.macOS": {
        "type": "Transitive",
        "resolved": "7.3.0.2",
        "contentHash": "nycYH/WLJ6ogm+I+QSFCdPJsdxSb5GANWYbQyp1vsd/KjXN56RVUJWPhbgP2GKb/Y7mrsHM7EProqVXlO/EMsA=="
      },
      "HarfBuzzSharp.NativeAssets.WebAssembly": {
        "type": "Transitive",
        "resolved": "7.3.0",
        "contentHash": "cnl4I6P+VeujfSSD3ZrC5f0TrTGt9EKgCOoZ3LpgLI2xobBKLi5bxOaN2oY6B0xVXxQEhEaWBotg7AuECg00Iw=="
      },
      "HarfBuzzSharp.NativeAssets.Win32": {
        "type": "Transitive",
        "resolved": "7.3.0.2",
        "contentHash": "DpF9JBzwws2dupOLnjME65hxQWWbN/GD40AoTkwB4S05WANvxo3n81AnQJKxWDCnrWfWhLPB36OF27TvEqzb/A=="
      },
      "Libuv": {
        "type": "Transitive",
        "resolved": "1.10.0",
        "contentHash": "GsCf4q+eyaI49rCPlgYxdxa1SQCysXFFdSJWdstrwxytg4+VPYLYrXD4AT2rjHVJ+UF7SSWX9CapWEYaU4ejVQ==",
        "dependencies": {
          "Microsoft.NETCore.Platforms": "1.0.1"
        }
      },
      "Material.Icons": {
        "type": "Transitive",
        "resolved": "2.1.10",
        "contentHash": "nQnLAoVb9lgxWd4OtDADPVzBxERB9UYQd0UWcrqjg0NKFf8oPMuDM2kkxpBKe/Wm6Ayx3C/t3j2+8R1Nscg0Kw=="
      },
      "Material.Icons.Avalonia": {
        "type": "Transitive",
        "resolved": "2.1.10",
        "contentHash": "dclTtNbnoLonYK/YI2vgYvOmLeqw08xHxL+ExOSGZEMJKt6k3F6SDmJ41tByOxgXAd+nIDh8V9FqC0FQSEp/CQ==",
        "dependencies": {
          "Avalonia": "11.0.0-rc1.1",
          "Material.Icons": "2.1.10"
        }
      },
      "MicroCom.Runtime": {
        "type": "Transitive",
        "resolved": "0.11.0",
        "contentHash": "MEnrZ3UIiH40hjzMDsxrTyi8dtqB5ziv3iBeeU4bXsL/7NLSal9F1lZKpK+tfBRnUoDSdtcW3KufE4yhATOMCA=="
      },
      "Microsoft.CodeAnalysis.Analyzers": {
        "type": "Transitive",
        "resolved": "3.0.0",
        "contentHash": "ojG5pGAhTPmjxRGTNvuszO3H8XPZqksDwr9xLd4Ae/JBjZZdl6GuoLk7uLMf+o7yl5wO0TAqoWcEKkEWqrZE5g=="
      },
      "Microsoft.CodeAnalysis.Common": {
        "type": "Transitive",
        "resolved": "3.8.0",
        "contentHash": "8YTZ7GpsbTdC08DITx7/kwV0k4SC6cbBAFqc13cOm5vKJZcEIAh51tNSyGSkWisMgYCr96B2wb5Zri1bsla3+g==",
        "dependencies": {
          "Microsoft.CodeAnalysis.Analyzers": "3.0.0",
          "System.Collections.Immutable": "5.0.0",
          "System.Memory": "4.5.4",
          "System.Reflection.Metadata": "5.0.0",
          "System.Runtime.CompilerServices.Unsafe": "4.7.1",
          "System.Text.Encoding.CodePages": "4.5.1",
          "System.Threading.Tasks.Extensions": "4.5.4"
        }
      },
      "Microsoft.CodeAnalysis.CSharp": {
        "type": "Transitive",
        "resolved": "3.8.0",
        "contentHash": "hKqFCUSk9TIMBDjiYMF8/ZfK9p9mzpU+slM73CaCHu4ctfkoqJGHLQhyT8wvrYsIg+ufrUWBF8hcJYmyr5rc5Q==",
        "dependencies": {
          "Microsoft.CodeAnalysis.Common": "[3.8.0]"
        }
      },
      "Microsoft.CodeAnalysis.CSharp.Scripting": {
        "type": "Transitive",
        "resolved": "3.8.0",
        "contentHash": "+XVKzByNigzzvl7rGwpzFrkUbbekNUwdMW3EghcxmNRZd9aamNXxes3I/U0tYx1LTeHEQ5y/nzb7SiEmXBmzEA==",
        "dependencies": {
          "Microsoft.CSharp": "4.3.0",
          "Microsoft.CodeAnalysis.CSharp": "[3.8.0]",
          "Microsoft.CodeAnalysis.Common": "[3.8.0]",
          "Microsoft.CodeAnalysis.Scripting.Common": "[3.8.0]"
        }
      },
      "Microsoft.CodeAnalysis.Scripting.Common": {
        "type": "Transitive",
        "resolved": "3.8.0",
        "contentHash": "lR8Mxg/4tnwzFyqJOD7wBoXbyDKEaMxRc0E9UWtHNGBiL1qBdYyVhXPmiOPUL44tUJeQwCOHAr554jRHGBQIcw==",
        "dependencies": {
          "Microsoft.CodeAnalysis.Common": "[3.8.0]"
        }
      },
      "Microsoft.CodeCoverage": {
        "type": "Transitive",
        "resolved": "17.10.0",
        "contentHash": "yC7oSlnR54XO5kOuHlVOKtxomNNN1BWXX8lK1G2jaPXT9sUok7kCOoA4Pgs0qyFaCtMrNsprztYMeoEGqCm4uA=="
      },
      "Microsoft.CSharp": {
        "type": "Transitive",
        "resolved": "4.3.0",
        "contentHash": "P+MBhIM0YX+JqROuf7i306ZLJEjQYA9uUyRDE+OqwUI5sh41e2ZbPQV3LfAPh+29cmceE1pUffXsGfR4eMY3KA==",
        "dependencies": {
          "System.Collections": "4.3.0",
          "System.Diagnostics.Debug": "4.3.0",
          "System.Dynamic.Runtime": "4.3.0",
          "System.Globalization": "4.3.0",
          "System.Linq": "4.3.0",
          "System.Linq.Expressions": "4.3.0",
          "System.ObjectModel": "4.3.0",
          "System.Reflection": "4.3.0",
          "System.Reflection.Extensions": "4.3.0",
          "System.Reflection.Primitives": "4.3.0",
          "System.Reflection.TypeExtensions": "4.3.0",
          "System.Resources.ResourceManager": "4.3.0",
          "System.Runtime": "4.3.0",
          "System.Runtime.Extensions": "4.3.0",
          "System.Runtime.InteropServices": "4.3.0",
          "System.Threading": "4.3.0"
        }
      },
      "Microsoft.NETCore.Platforms": {
        "type": "Transitive",
        "resolved": "2.1.2",
        "contentHash": "mOJy3M0UN+LUG21dLGMxaWZEP6xYpQEpLuvuEQBaownaX4YuhH6NmNUlN9si+vNkAS6dwJ//N1O4DmLf2CikVg=="
      },
      "Microsoft.NETCore.Targets": {
        "type": "Transitive",
        "resolved": "1.1.0",
        "contentHash": "aOZA3BWfz9RXjpzt0sRJJMjAscAUm3Hoa4UWAfceV9UTYxgwZ1lZt5nO2myFf+/jetYQo4uTP7zS8sJY67BBxg=="
      },
      "Microsoft.TestPlatform.ObjectModel": {
        "type": "Transitive",
        "resolved": "17.10.0",
        "contentHash": "KkwhjQevuDj0aBRoPLY6OLAhGqbPUEBuKLbaCs0kUVw29qiOYncdORd4mLVJbn9vGZ7/iFGQ/+AoJl0Tu5Umdg==",
        "dependencies": {
          "System.Reflection.Metadata": "1.6.0"
        }
      },
      "Microsoft.TestPlatform.TestHost": {
        "type": "Transitive",
        "resolved": "17.10.0",
        "contentHash": "LWpMdfqhHvcUkeMCvNYJO8QlPLlYz9XPPb+ZbaXIKhdmjAV0wqTSrTiW5FLaf7RRZT50AQADDOYMOe0HxDxNgA==",
        "dependencies": {
          "Microsoft.TestPlatform.ObjectModel": "17.10.0",
          "Newtonsoft.Json": "13.0.1"
        }
      },
      "Newtonsoft.Json": {
        "type": "Transitive",
        "resolved": "13.0.1",
        "contentHash": "ppPFpBcvxdsfUonNcvITKqLl3bqxWbDCZIzDWHzjpdAHRFfZe0Dw9HmA0+za13IdyrgJwpkDTDA9fHaxOrt20A=="
      },
      "ReactiveUI": {
        "type": "Transitive",
        "resolved": "19.5.41",
        "contentHash": "qusIoJHhzNFm/Ei52wwesy15le/NAMWm40UOz2boaWcBntqOJJPR6YucDUibHNo5v9opNP7ZCAMa+w3rzX6AIw==",
        "dependencies": {
          "DynamicData": "8.3.27",
          "Splat": "14.8.12",
          "System.ComponentModel.Annotations": "5.0.0",
          "System.Text.Json": "8.0.0"
        }
      },
      "ReactiveUI.Fody": {
        "type": "Transitive",
        "resolved": "19.5.41",
        "contentHash": "bh6OH1WsSHf/ryUVaPnI6LWl1+lrCvq4L/AoHpzPXCKxtR4p0ogPVONnkq0jYgSQ55x7YNCVkthBKeb6uUSbpg==",
        "dependencies": {
          "Fody": "6.8.0",
          "ReactiveUI": "19.5.41"
        }
      },
      "Serilog": {
        "type": "Transitive",
        "resolved": "4.0.1",
        "contentHash": "pzeDRXdpSLSsgBHpZcmpIDxqMy845Ab4s+dfnBg0sN9h8q/4Wo3vAoe0QCGPze1Q06EVtEPupS+UvLm8iXQmTQ=="
      },
      "Serilog.Sinks.Console": {
        "type": "Transitive",
        "resolved": "6.0.0",
        "contentHash": "fQGWqVMClCP2yEyTXPIinSr5c+CBGUvBybPxjAGcf7ctDhadFhrQw03Mv8rJ07/wR5PDfFjewf2LimvXCDzpbA==",
        "dependencies": {
          "Serilog": "4.0.0"
        }
      },
      "ShimSkiaSharp": {
        "type": "Transitive",
        "resolved": "1.0.0.19",
        "contentHash": "4Cgrd+PeHKVMR1hg2a0rF9cApxCl6xFggiNV4pIwAiT+1/mDK03N1X8353eX/7p0/eUpk7NwwMy/HryOSvHifw=="
      },
      "SkiaSharp": {
        "type": "Transitive",
        "resolved": "2.88.8",
        "contentHash": "bRkp3uKp5ZI8gXYQT57uKwil1uobb2p8c69n7v5evlB/2JNcMAXVcw9DZAP5Ig3WSvgzGm2YSn27UVeOi05NlA==",
        "dependencies": {
          "SkiaSharp.NativeAssets.Win32": "2.88.8",
          "SkiaSharp.NativeAssets.macOS": "2.88.8"
        }
      },
      "SkiaSharp.HarfBuzz": {
        "type": "Transitive",
        "resolved": "2.88.8",
        "contentHash": "ajSyJ2D17R0kZ4FwKwFrJTsYs3D3Y9iRBLhNecROR7dOxC6VTFaMPXJuwQB8KYpAqgmb2JAJFEgZ3i8MaaIw1g==",
        "dependencies": {
          "HarfBuzzSharp": "7.3.0.2",
          "SkiaSharp": "2.88.8"
        }
      },
      "SkiaSharp.NativeAssets.Linux": {
        "type": "Transitive",
        "resolved": "2.88.7",
        "contentHash": "i9VitS7/5D8Te3B1Gu7F6kakW9PYVnI3YC6MoR6NidreD9hDl1EIOQEBaa0eBsOsWNX5Bz92OVf6+7KbDrJvyg==",
        "dependencies": {
          "SkiaSharp": "2.88.7"
        }
      },
      "SkiaSharp.NativeAssets.macOS": {
        "type": "Transitive",
        "resolved": "2.88.8",
        "contentHash": "6Kn5TSkKlfyS6azWHF3Jk2sW5C4jCE5uSshM/5AbfFrR+5n6qM5XEnz9h4VaVl7LTxBvHvMkuPb/3bpbq0vxTw=="
      },
      "SkiaSharp.NativeAssets.WebAssembly": {
        "type": "Transitive",
        "resolved": "2.88.7",
        "contentHash": "elmOOQTO0QXmnnHx7GliF7VNJqZkWgPqqPsXapEN0EEZJ9fGblYWmD6cqxTwaRTMCUFeLpn8+gTzY8j000MxZQ=="
      },
      "SkiaSharp.NativeAssets.Win32": {
        "type": "Transitive",
        "resolved": "2.88.8",
        "contentHash": "O9QXoWEXA+6cweR4h3BOnwMz+pO9vL9mXdjLrpDd0w1QzCgWmLQBxa1VgySDITiH7nQndrDG1h6937zm9pLj1Q=="
      },
      "Splat": {
        "type": "Transitive",
        "resolved": "14.8.12",
        "contentHash": "7dTp+hgC2CS4DqjHtgkeS7hsECbpD09ukGwxL63HVM/aih9zseIaIjWhS6sQWlWw5GDvli8bVMHeZ1dekgmuvQ=="
      },
      "Svg.Custom": {
        "type": "Transitive",
        "resolved": "1.0.0.19",
        "contentHash": "cbYUNDlaXWzCuJaZ+9HPkImxH7Gk/s1j9ymy+/NWjjrPQW0xqnCsb29wtWGfd97efOsWpN9FUxBeMIh9voiT0A==",
        "dependencies": {
          "ExCSS": "4.2.3"
        }
      },
      "Svg.Model": {
        "type": "Transitive",
        "resolved": "1.0.0.19",
        "contentHash": "EiqdQY4oR4rB8B9imU/x6tef/ub8868Xx2Dre9+i6z/KaX1XeQan2BlH7dPVSe/8fALYGauGEMq4ACZE5flvpQ==",
        "dependencies": {
          "ShimSkiaSharp": "1.0.0.19",
          "Svg.Custom": "1.0.0.19"
        }
      },
      "Svg.Skia": {
        "type": "Transitive",
        "resolved": "1.0.0.19",
        "contentHash": "sXT3cV1mhRb7emdlBCUjNdQwa2zBQxHKDN4sw3XpXYr4WFZGEWwoGdSQNXRcCB388ExOKgI4GpeJW+VPWzbhCQ==",
        "dependencies": {
          "SkiaSharp": "2.88.8",
          "SkiaSharp.HarfBuzz": "2.88.8",
          "Svg.Custom": "1.0.0.19",
          "Svg.Model": "1.0.0.19"
        }
      },
      "System.Collections": {
        "type": "Transitive",
        "resolved": "4.3.0",
        "contentHash": "3Dcj85/TBdVpL5Zr+gEEBUuFe2icOnLalmEh9hfck1PTYbbyWuZgh4fmm2ysCLTrqLQw6t3TgTyJ+VLp+Qb+Lw==",
        "dependencies": {
          "Microsoft.NETCore.Platforms": "1.1.0",
          "Microsoft.NETCore.Targets": "1.1.0",
          "System.Runtime": "4.3.0"
        }
      },
      "System.Collections.Immutable": {
        "type": "Transitive",
        "resolved": "5.0.0",
        "contentHash": "FXkLXiK0sVVewcso0imKQoOxjoPAj42R8HtjjbSjVPAzwDfzoyoznWxgA3c38LDbN9SJux1xXoXYAhz98j7r2g=="
      },
      "System.ComponentModel.Annotations": {
        "type": "Transitive",
        "resolved": "5.0.0",
        "contentHash": "dMkqfy2el8A8/I76n2Hi1oBFEbG1SfxD2l5nhwXV3XjlnOmwxJlQbYpJH4W51odnU9sARCSAgv7S3CyAFMkpYg=="
      },
      "System.Diagnostics.Debug": {
        "type": "Transitive",
        "resolved": "4.3.0",
        "contentHash": "ZUhUOdqmaG5Jk3Xdb8xi5kIyQYAA4PnTNlHx1mu9ZY3qv4ELIdKbnL/akbGaKi2RnNUWaZsAs31rvzFdewTj2g==",
        "dependencies": {
          "Microsoft.NETCore.Platforms": "1.1.0",
          "Microsoft.NETCore.Targets": "1.1.0",
          "System.Runtime": "4.3.0"
        }
      },
      "System.Dynamic.Runtime": {
        "type": "Transitive",
        "resolved": "4.3.0",
        "contentHash": "SNVi1E/vfWUAs/WYKhE9+qlS6KqK0YVhnlT0HQtr8pMIA8YX3lwy3uPMownDwdYISBdmAF/2holEIldVp85Wag==",
        "dependencies": {
          "System.Collections": "4.3.0",
          "System.Diagnostics.Debug": "4.3.0",
          "System.Linq": "4.3.0",
          "System.Linq.Expressions": "4.3.0",
          "System.ObjectModel": "4.3.0",
          "System.Reflection": "4.3.0",
          "System.Reflection.Emit": "4.3.0",
          "System.Reflection.Emit.ILGeneration": "4.3.0",
          "System.Reflection.Primitives": "4.3.0",
          "System.Reflection.TypeExtensions": "4.3.0",
          "System.Resources.ResourceManager": "4.3.0",
          "System.Runtime": "4.3.0",
          "System.Runtime.Extensions": "4.3.0",
          "System.Threading": "4.3.0"
        }
      },
      "System.Globalization": {
        "type": "Transitive",
        "resolved": "4.3.0",
        "contentHash": "kYdVd2f2PAdFGblzFswE4hkNANJBKRmsfa2X5LG2AcWE1c7/4t0pYae1L8vfZ5xvE2nK/R9JprtToA61OSHWIg==",
        "dependencies": {
          "Microsoft.NETCore.Platforms": "1.1.0",
          "Microsoft.NETCore.Targets": "1.1.0",
          "System.Runtime": "4.3.0"
        }
      },
      "System.IO": {
        "type": "Transitive",
        "resolved": "4.3.0",
        "contentHash": "3qjaHvxQPDpSOYICjUoTsmoq5u6QJAFRUITgeT/4gqkF1bajbSmb1kwSxEA8AHlofqgcKJcM8udgieRNhaJ5Cg==",
        "dependencies": {
          "Microsoft.NETCore.Platforms": "1.1.0",
          "Microsoft.NETCore.Targets": "1.1.0",
          "System.Runtime": "4.3.0",
          "System.Text.Encoding": "4.3.0",
          "System.Threading.Tasks": "4.3.0"
        }
      },
      "System.IO.Pipelines": {
        "type": "Transitive",
        "resolved": "6.0.0",
        "contentHash": "mXX66shZ4xLlI3vNLaJ0lt8OIZdmXTvIqXRdQX5HLVGSkLhINLsVhyZuX2UdRFnOGkqnwmMUs40pIIQ7mna4+A=="
      },
      "System.Linq": {
        "type": "Transitive",
        "resolved": "4.3.0",
        "contentHash": "5DbqIUpsDp0dFftytzuMmc0oeMdQwjcP/EWxsksIz/w1TcFRkZ3yKKz0PqiYFMmEwPSWw+qNVqD7PJ889JzHbw==",
        "dependencies": {
          "System.Collections": "4.3.0",
          "System.Diagnostics.Debug": "4.3.0",
          "System.Resources.ResourceManager": "4.3.0",
          "System.Runtime": "4.3.0",
          "System.Runtime.Extensions": "4.3.0"
        }
      },
      "System.Linq.Expressions": {
        "type": "Transitive",
        "resolved": "4.3.0",
        "contentHash": "PGKkrd2khG4CnlyJwxwwaWWiSiWFNBGlgXvJpeO0xCXrZ89ODrQ6tjEWS/kOqZ8GwEOUATtKtzp1eRgmYNfclg==",
        "dependencies": {
          "System.Collections": "4.3.0",
          "System.Diagnostics.Debug": "4.3.0",
          "System.Globalization": "4.3.0",
          "System.IO": "4.3.0",
          "System.Linq": "4.3.0",
          "System.ObjectModel": "4.3.0",
          "System.Reflection": "4.3.0",
          "System.Reflection.Emit": "4.3.0",
          "System.Reflection.Emit.ILGeneration": "4.3.0",
          "System.Reflection.Emit.Lightweight": "4.3.0",
          "System.Reflection.Extensions": "4.3.0",
          "System.Reflection.Primitives": "4.3.0",
          "System.Reflection.TypeExtensions": "4.3.0",
          "System.Resources.ResourceManager": "4.3.0",
          "System.Runtime": "4.3.0",
          "System.Runtime.Extensions": "4.3.0",
          "System.Threading": "4.3.0"
        }
      },
      "System.Memory": {
        "type": "Transitive",
        "resolved": "4.5.4",
        "contentHash": "1MbJTHS1lZ4bS4FmsJjnuGJOu88ZzTT2rLvrhW7Ygic+pC0NWA+3hgAen0HRdsocuQXCkUTdFn9yHJJhsijDXw=="
      },
      "System.Numerics.Vectors": {
        "type": "Transitive",
        "resolved": "4.5.0",
        "contentHash": "QQTlPTl06J/iiDbJCiepZ4H//BVraReU4O4EoRw1U02H5TLUIT7xn3GnDp9AXPSlJUDyFs4uWjWafNX6WrAojQ=="
      },
      "System.ObjectModel": {
        "type": "Transitive",
        "resolved": "4.3.0",
        "contentHash": "bdX+80eKv9bN6K4N+d77OankKHGn6CH711a6fcOpMQu2Fckp/Ft4L/kW9WznHpyR0NRAvJutzOMHNNlBGvxQzQ==",
        "dependencies": {
          "System.Collections": "4.3.0",
          "System.Diagnostics.Debug": "4.3.0",
          "System.Resources.ResourceManager": "4.3.0",
          "System.Runtime": "4.3.0",
          "System.Threading": "4.3.0"
        }
      },
      "System.Reactive": {
        "type": "Transitive",
        "resolved": "6.0.0",
        "contentHash": "31kfaW4ZupZzPsI5PVe77VhnvFF55qgma7KZr/E0iFTs6fmdhhG8j0mgEx620iLTey1EynOkEfnyTjtNEpJzGw=="
      },
      "System.Reflection": {
        "type": "Transitive",
        "resolved": "4.3.0",
        "contentHash": "KMiAFoW7MfJGa9nDFNcfu+FpEdiHpWgTcS2HdMpDvt9saK3y/G4GwprPyzqjFH9NTaGPQeWNHU+iDlDILj96aQ==",
        "dependencies": {
          "Microsoft.NETCore.Platforms": "1.1.0",
          "Microsoft.NETCore.Targets": "1.1.0",
          "System.IO": "4.3.0",
          "System.Reflection.Primitives": "4.3.0",
          "System.Runtime": "4.3.0"
        }
      },
      "System.Reflection.Emit": {
        "type": "Transitive",
        "resolved": "4.3.0",
        "contentHash": "228FG0jLcIwTVJyz8CLFKueVqQK36ANazUManGaJHkO0icjiIypKW7YLWLIWahyIkdh5M7mV2dJepllLyA1SKg==",
        "dependencies": {
          "System.IO": "4.3.0",
          "System.Reflection": "4.3.0",
          "System.Reflection.Emit.ILGeneration": "4.3.0",
          "System.Reflection.Primitives": "4.3.0",
          "System.Runtime": "4.3.0"
        }
      },
      "System.Reflection.Emit.ILGeneration": {
        "type": "Transitive",
        "resolved": "4.3.0",
        "contentHash": "59tBslAk9733NXLrUJrwNZEzbMAcu8k344OYo+wfSVygcgZ9lgBdGIzH/nrg3LYhXceynyvTc8t5/GD4Ri0/ng==",
        "dependencies": {
          "System.Reflection": "4.3.0",
          "System.Reflection.Primitives": "4.3.0",
          "System.Runtime": "4.3.0"
        }
      },
      "System.Reflection.Emit.Lightweight": {
        "type": "Transitive",
        "resolved": "4.3.0",
        "contentHash": "oadVHGSMsTmZsAF864QYN1t1QzZjIcuKU3l2S9cZOwDdDueNTrqq1yRj7koFfIGEnKpt6NjpL3rOzRhs4ryOgA==",
        "dependencies": {
          "System.Reflection": "4.3.0",
          "System.Reflection.Emit.ILGeneration": "4.3.0",
          "System.Reflection.Primitives": "4.3.0",
          "System.Runtime": "4.3.0"
        }
      },
      "System.Reflection.Extensions": {
        "type": "Transitive",
        "resolved": "4.3.0",
        "contentHash": "rJkrJD3kBI5B712aRu4DpSIiHRtr6QlfZSQsb0hYHrDCZORXCFjQfoipo2LaMUHoT9i1B7j7MnfaEKWDFmFQNQ==",
        "dependencies": {
          "Microsoft.NETCore.Platforms": "1.1.0",
          "Microsoft.NETCore.Targets": "1.1.0",
          "System.Reflection": "4.3.0",
          "System.Runtime": "4.3.0"
        }
      },
      "System.Reflection.Metadata": {
        "type": "Transitive",
        "resolved": "5.0.0",
        "contentHash": "5NecZgXktdGg34rh1OenY1rFNDCI8xSjFr+Z4OU4cU06AQHUdRnIIEeWENu3Wl4YowbzkymAIMvi3WyK9U53pQ=="
      },
      "System.Reflection.Primitives": {
        "type": "Transitive",
        "resolved": "4.3.0",
        "contentHash": "5RXItQz5As4xN2/YUDxdpsEkMhvw3e6aNveFXUn4Hl/udNTCNhnKp8lT9fnc3MhvGKh1baak5CovpuQUXHAlIA==",
        "dependencies": {
          "Microsoft.NETCore.Platforms": "1.1.0",
          "Microsoft.NETCore.Targets": "1.1.0",
          "System.Runtime": "4.3.0"
        }
      },
      "System.Reflection.TypeExtensions": {
        "type": "Transitive",
        "resolved": "4.3.0",
        "contentHash": "7u6ulLcZbyxB5Gq0nMkQttcdBTx57ibzw+4IOXEfR+sXYQoHvjW5LTLyNr8O22UIMrqYbchJQJnos4eooYzYJA==",
        "dependencies": {
          "System.Reflection": "4.3.0",
          "System.Runtime": "4.3.0"
        }
      },
      "System.Resources.ResourceManager": {
        "type": "Transitive",
        "resolved": "4.3.0",
        "contentHash": "/zrcPkkWdZmI4F92gL/TPumP98AVDu/Wxr3CSJGQQ+XN6wbRZcyfSKVoPo17ilb3iOr0cCRqJInGwNMolqhS8A==",
        "dependencies": {
          "Microsoft.NETCore.Platforms": "1.1.0",
          "Microsoft.NETCore.Targets": "1.1.0",
          "System.Globalization": "4.3.0",
          "System.Reflection": "4.3.0",
          "System.Runtime": "4.3.0"
        }
      },
      "System.Runtime": {
        "type": "Transitive",
        "resolved": "4.3.0",
        "contentHash": "JufQi0vPQ0xGnAczR13AUFglDyVYt4Kqnz1AZaiKZ5+GICq0/1MH/mO/eAJHt/mHW1zjKBJd7kV26SrxddAhiw==",
        "dependencies": {
          "Microsoft.NETCore.Platforms": "1.1.0",
          "Microsoft.NETCore.Targets": "1.1.0"
        }
      },
      "System.Runtime.CompilerServices.Unsafe": {
        "type": "Transitive",
        "resolved": "4.7.1",
        "contentHash": "zOHkQmzPCn5zm/BH+cxC1XbUS3P4Yoi3xzW7eRgVpDR2tPGSzyMZ17Ig1iRkfJuY0nhxkQQde8pgePNiA7z7TQ=="
      },
      "System.Runtime.Extensions": {
        "type": "Transitive",
        "resolved": "4.3.0",
        "contentHash": "guW0uK0fn5fcJJ1tJVXYd7/1h5F+pea1r7FLSOz/f8vPEqbR2ZAknuRDvTQ8PzAilDveOxNjSfr0CHfIQfFk8g==",
        "dependencies": {
          "Microsoft.NETCore.Platforms": "1.1.0",
          "Microsoft.NETCore.Targets": "1.1.0",
          "System.Runtime": "4.3.0"
        }
      },
      "System.Runtime.Handles": {
        "type": "Transitive",
        "resolved": "4.3.0",
        "contentHash": "OKiSUN7DmTWeYb3l51A7EYaeNMnvxwE249YtZz7yooT4gOZhmTjIn48KgSsw2k2lYdLgTKNJw/ZIfSElwDRVgg==",
        "dependencies": {
          "Microsoft.NETCore.Platforms": "1.1.0",
          "Microsoft.NETCore.Targets": "1.1.0",
          "System.Runtime": "4.3.0"
        }
      },
      "System.Runtime.InteropServices": {
        "type": "Transitive",
        "resolved": "4.3.0",
        "contentHash": "uv1ynXqiMK8mp1GM3jDqPCFN66eJ5w5XNomaK2XD+TuCroNTLFGeZ+WCmBMcBDyTFKou3P6cR6J/QsaqDp7fGQ==",
        "dependencies": {
          "Microsoft.NETCore.Platforms": "1.1.0",
          "Microsoft.NETCore.Targets": "1.1.0",
          "System.Reflection": "4.3.0",
          "System.Reflection.Primitives": "4.3.0",
          "System.Runtime": "4.3.0",
          "System.Runtime.Handles": "4.3.0"
        }
      },
      "System.Text.Encoding": {
        "type": "Transitive",
        "resolved": "4.3.0",
        "contentHash": "BiIg+KWaSDOITze6jGQynxg64naAPtqGHBwDrLaCtixsa5bKiR8dpPOHA7ge3C0JJQizJE+sfkz1wV+BAKAYZw==",
        "dependencies": {
          "Microsoft.NETCore.Platforms": "1.1.0",
          "Microsoft.NETCore.Targets": "1.1.0",
          "System.Runtime": "4.3.0"
        }
      },
      "System.Text.Encoding.CodePages": {
        "type": "Transitive",
        "resolved": "4.5.1",
        "contentHash": "4J2JQXbftjPMppIHJ7IC+VXQ9XfEagN92vZZNoG12i+zReYlim5dMoXFC1Zzg7tsnKDM7JPo5bYfFK4Jheq44w==",
        "dependencies": {
          "Microsoft.NETCore.Platforms": "2.1.2",
          "System.Runtime.CompilerServices.Unsafe": "4.5.2"
        }
      },
      "System.Text.Encodings.Web": {
        "type": "Transitive",
        "resolved": "8.0.0",
        "contentHash": "yev/k9GHAEGx2Rg3/tU6MQh4HGBXJs70y7j1LaM1i/ER9po+6nnQ6RRqTJn1E7Xu0fbIFK80Nh5EoODxrbxwBQ=="
      },
      "System.Text.Json": {
        "type": "Transitive",
        "resolved": "8.0.0",
        "contentHash": "OdrZO2WjkiEG6ajEFRABTRCi/wuXQPxeV6g8xvUJqdxMvvuCCEk86zPla8UiIQJz3durtUEbNyY/3lIhS0yZvQ==",
        "dependencies": {
          "System.Text.Encodings.Web": "8.0.0"
        }
      },
      "System.Threading": {
        "type": "Transitive",
        "resolved": "4.3.0",
        "contentHash": "VkUS0kOBcUf3Wwm0TSbrevDDZ6BlM+b/HRiapRFWjM5O0NS0LviG0glKmFK+hhPDd1XFeSdU1GmlLhb2CoVpIw==",
        "dependencies": {
          "System.Runtime": "4.3.0",
          "System.Threading.Tasks": "4.3.0"
        }
      },
      "System.Threading.Tasks": {
        "type": "Transitive",
        "resolved": "4.3.0",
        "contentHash": "LbSxKEdOUhVe8BezB/9uOGGppt+nZf6e1VFyw6v3DN6lqitm0OSn2uXMOdtP0M3W4iMcqcivm2J6UgqiwwnXiA==",
        "dependencies": {
          "Microsoft.NETCore.Platforms": "1.1.0",
          "Microsoft.NETCore.Targets": "1.1.0",
          "System.Runtime": "4.3.0"
        }
      },
      "System.Threading.Tasks.Extensions": {
        "type": "Transitive",
        "resolved": "4.5.4",
        "contentHash": "zteT+G8xuGu6mS+mzDzYXbzS7rd3K6Fjb9RiZlYlJPam2/hU7JCBZBVEcywNuR+oZ1ncTvc/cq0faRr3P01OVg=="
      },
      "Tmds.DBus.Protocol": {
        "type": "Transitive",
        "resolved": "0.15.0",
        "contentHash": "QVo/Y39nTYcCKBqrZuwHjXdwaky0yTQPIT3qUTEEK2MZfDtZWrJ2XyZ59zH8LBgB2fL5cWaTuP2pBTpGz/GeDQ==",
        "dependencies": {
          "System.IO.Pipelines": "6.0.0"
        }
      },
      "YamlDotNet": {
        "type": "Transitive",
        "resolved": "16.0.0",
        "contentHash": "kZ4jR5ltFhnjaUqK9x81zXRIUTH4PTXTTEmJDNQdkDLQhcv+2Nl19r0dCSvPW1mstOYBfXTnjdieRbUO6gHMDw=="
      },
      "ZstdSharp.Port": {
        "type": "Transitive",
        "resolved": "0.8.1",
        "contentHash": "19tNz33kn2EkyViFXuxfVn338UJaRmkwBphVqP2dVJIYQUQgFrgG5h061mxkRRg1Ax6r+6WOj1FxaFZ5qaWqqg=="
      },
      "autopelago": {
        "type": "Project",
        "dependencies": {
          "Avalonia": "[11.0.13, )",
          "Avalonia.Desktop": "[11.0.13, )",
          "Avalonia.Diagnostics": "[11.0.13, )",
          "Avalonia.Fonts.Inter": "[11.0.13, )",
          "Avalonia.ReactiveUI": "[11.0.13, )",
          "Avalonia.Svg.Skia": "[11.0.0.19, )",
          "Avalonia.Themes.Fluent": "[11.0.13, )",
          "Libuv": "[1.10.0, )",
          "Material.Icons.Avalonia": "[2.1.10, )",
          "ReactiveUI.Fody": "[19.5.41, )",
          "Serilog": "[4.0.1, )",
          "Serilog.Sinks.Console": "[6.0.0, )",
          "YamlDotNet": "[16.0.0, )",
          "ZstdSharp.Port": "[0.8.1, )"
        }
      }
    }
  }
}